// !$*UTF8*$!
{
	archiveVersion = 1;
	classes = {
	};
	objectVersion = 46;
	objects = {

/* Begin PBXBuildFile section */
		D0A748101905884C00F96D3E /* Foundation.framework in Frameworks */ = {isa = PBXBuildFile; fileRef = D0A7480F1905884C00F96D3E /* Foundation.framework */; };
		D0A748121905884C00F96D3E /* CoreGraphics.framework in Frameworks */ = {isa = PBXBuildFile; fileRef = D0A748111905884C00F96D3E /* CoreGraphics.framework */; };
		D0A748141905884C00F96D3E /* UIKit.framework in Frameworks */ = {isa = PBXBuildFile; fileRef = D0A748131905884C00F96D3E /* UIKit.framework */; };
		D0A7481A1905884C00F96D3E /* InfoPlist.strings in Resources */ = {isa = PBXBuildFile; fileRef = D0A748181905884C00F96D3E /* InfoPlist.strings */; };
		D0A7481C1905884C00F96D3E /* main.m in Sources */ = {isa = PBXBuildFile; fileRef = D0A7481B1905884C00F96D3E /* main.m */; };
		D0A748201905884C00F96D3E /* SLFAppDelegate.m in Sources */ = {isa = PBXBuildFile; fileRef = D0A7481F1905884C00F96D3E /* SLFAppDelegate.m */; };
		D0A748221905884C00F96D3E /* Images.xcassets in Resources */ = {isa = PBXBuildFile; fileRef = D0A748211905884C00F96D3E /* Images.xcassets */; };
		D0A748291905884C00F96D3E /* XCTest.framework in Frameworks */ = {isa = PBXBuildFile; fileRef = D0A748281905884C00F96D3E /* XCTest.framework */; };
		D0A7482A1905884C00F96D3E /* Foundation.framework in Frameworks */ = {isa = PBXBuildFile; fileRef = D0A7480F1905884C00F96D3E /* Foundation.framework */; };
		D0A7482B1905884C00F96D3E /* UIKit.framework in Frameworks */ = {isa = PBXBuildFile; fileRef = D0A748131905884C00F96D3E /* UIKit.framework */; };
		D0A748331905884C00F96D3E /* InfoPlist.strings in Resources */ = {isa = PBXBuildFile; fileRef = D0A748311905884C00F96D3E /* InfoPlist.strings */; };
		D0A748351905884C00F96D3E /* SelfyTests.m in Sources */ = {isa = PBXBuildFile; fileRef = D0A748341905884C00F96D3E /* SelfyTests.m */; };
		D0A74840190588CA00F96D3E /* SLFTVController.m in Sources */ = {isa = PBXBuildFile; fileRef = D0A7483F190588CA00F96D3E /* SLFTVController.m */; };
		D0A7484319058D9C00F96D3E /* SLFTableViewCell.m in Sources */ = {isa = PBXBuildFile; fileRef = D0A7484219058D9C00F96D3E /* SLFTableViewCell.m */; };
		D0A748461905AE3F00F96D3E /* johnyam.png in Resources */ = {isa = PBXBuildFile; fileRef = D0A748451905AE3F00F96D3E /* johnyam.png */; };
		D0A748481906060100F96D3E /* plus-512.png in Resources */ = {isa = PBXBuildFile; fileRef = D0A748471906060100F96D3E /* plus-512.png */; };
		D0A7484C190608D600F96D3E /* settings_filled-512.png in Resources */ = {isa = PBXBuildFile; fileRef = D0A7484B190608D600F96D3E /* settings_filled-512.png */; };
/* End PBXBuildFile section */

/* Begin PBXContainerItemProxy section */
		D0A7482C1905884C00F96D3E /* PBXContainerItemProxy */ = {
			isa = PBXContainerItemProxy;
			containerPortal = D0A748041905884C00F96D3E /* Project object */;
			proxyType = 1;
			remoteGlobalIDString = D0A7480B1905884C00F96D3E;
			remoteInfo = Selfy;
		};
/* End PBXContainerItemProxy section */

/* Begin PBXFileReference section */
		D0A7480C1905884C00F96D3E /* Selfy.app */ = {isa = PBXFileReference; explicitFileType = wrapper.application; includeInIndex = 0; path = Selfy.app; sourceTree = BUILT_PRODUCTS_DIR; };
		D0A7480F1905884C00F96D3E /* Foundation.framework */ = {isa = PBXFileReference; lastKnownFileType = wrapper.framework; name = Foundation.framework; path = System/Library/Frameworks/Foundation.framework; sourceTree = SDKROOT; };
		D0A748111905884C00F96D3E /* CoreGraphics.framework */ = {isa = PBXFileReference; lastKnownFileType = wrapper.framework; name = CoreGraphics.framework; path = System/Library/Frameworks/CoreGraphics.framework; sourceTree = SDKROOT; };
		D0A748131905884C00F96D3E /* UIKit.framework */ = {isa = PBXFileReference; lastKnownFileType = wrapper.framework; name = UIKit.framework; path = System/Library/Frameworks/UIKit.framework; sourceTree = SDKROOT; };
		D0A748171905884C00F96D3E /* Selfy-Info.plist */ = {isa = PBXFileReference; lastKnownFileType = text.plist.xml; path = "Selfy-Info.plist"; sourceTree = "<group>"; };
		D0A748191905884C00F96D3E /* en */ = {isa = PBXFileReference; lastKnownFileType = text.plist.strings; name = en; path = en.lproj/InfoPlist.strings; sourceTree = "<group>"; };
		D0A7481B1905884C00F96D3E /* main.m */ = {isa = PBXFileReference; lastKnownFileType = sourcecode.c.objc; path = main.m; sourceTree = "<group>"; };
		D0A7481D1905884C00F96D3E /* Selfy-Prefix.pch */ = {isa = PBXFileReference; lastKnownFileType = sourcecode.c.h; path = "Selfy-Prefix.pch"; sourceTree = "<group>"; };
		D0A7481E1905884C00F96D3E /* SLFAppDelegate.h */ = {isa = PBXFileReference; lastKnownFileType = sourcecode.c.h; path = SLFAppDelegate.h; sourceTree = "<group>"; };
		D0A7481F1905884C00F96D3E /* SLFAppDelegate.m */ = {isa = PBXFileReference; lastKnownFileType = sourcecode.c.objc; path = SLFAppDelegate.m; sourceTree = "<group>"; };
		D0A748211905884C00F96D3E /* Images.xcassets */ = {isa = PBXFileReference; lastKnownFileType = folder.assetcatalog; path = Images.xcassets; sourceTree = "<group>"; };
		D0A748271905884C00F96D3E /* SelfyTests.xctest */ = {isa = PBXFileReference; explicitFileType = wrapper.cfbundle; includeInIndex = 0; path = SelfyTests.xctest; sourceTree = BUILT_PRODUCTS_DIR; };
		D0A748281905884C00F96D3E /* XCTest.framework */ = {isa = PBXFileReference; lastKnownFileType = wrapper.framework; name = XCTest.framework; path = Library/Frameworks/XCTest.framework; sourceTree = DEVELOPER_DIR; };
		D0A748301905884C00F96D3E /* SelfyTests-Info.plist */ = {isa = PBXFileReference; lastKnownFileType = text.plist.xml; path = "SelfyTests-Info.plist"; sourceTree = "<group>"; };
		D0A748321905884C00F96D3E /* en */ = {isa = PBXFileReference; lastKnownFileType = text.plist.strings; name = en; path = en.lproj/InfoPlist.strings; sourceTree = "<group>"; };
		D0A748341905884C00F96D3E /* SelfyTests.m */ = {isa = PBXFileReference; lastKnownFileType = sourcecode.c.objc; path = SelfyTests.m; sourceTree = "<group>"; };
		D0A7483E190588CA00F96D3E /* SLFTVController.h */ = {isa = PBXFileReference; fileEncoding = 4; lastKnownFileType = sourcecode.c.h; path = SLFTVController.h; sourceTree = "<group>"; };
		D0A7483F190588CA00F96D3E /* SLFTVController.m */ = {isa = PBXFileReference; fileEncoding = 4; lastKnownFileType = sourcecode.c.objc; path = SLFTVController.m; sourceTree = "<group>"; };
		D0A7484119058D9C00F96D3E /* SLFTableViewCell.h */ = {isa = PBXFileReference; fileEncoding = 4; lastKnownFileType = sourcecode.c.h; path = SLFTableViewCell.h; sourceTree = "<group>"; };
		D0A7484219058D9C00F96D3E /* SLFTableViewCell.m */ = {isa = PBXFileReference; fileEncoding = 4; lastKnownFileType = sourcecode.c.objc; path = SLFTableViewCell.m; sourceTree = "<group>"; };
		D0A748451905AE3F00F96D3E /* johnyam.png */ = {isa = PBXFileReference; lastKnownFileType = image.png; path = johnyam.png; sourceTree = "<group>"; };
		D0A748471906060100F96D3E /* plus-512.png */ = {isa = PBXFileReference; lastKnownFileType = image.png; path = "plus-512.png"; sourceTree = "<group>"; };
		D0A7484B190608D600F96D3E /* settings_filled-512.png */ = {isa = PBXFileReference; lastKnownFileType = image.png; path = "settings_filled-512.png"; sourceTree = "<group>"; };
/* End PBXFileReference section */

/* Begin PBXFrameworksBuildPhase section */
		D0A748091905884C00F96D3E /* Frameworks */ = {
			isa = PBXFrameworksBuildPhase;
			buildActionMask = 2147483647;
			files = (
				D0A748121905884C00F96D3E /* CoreGraphics.framework in Frameworks */,
				D0A748141905884C00F96D3E /* UIKit.framework in Frameworks */,
				D0A748101905884C00F96D3E /* Foundation.framework in Frameworks */,
			);
			runOnlyForDeploymentPostprocessing = 0;
		};
		D0A748241905884C00F96D3E /* Frameworks */ = {
			isa = PBXFrameworksBuildPhase;
			buildActionMask = 2147483647;
			files = (
				D0A748291905884C00F96D3E /* XCTest.framework in Frameworks */,
				D0A7482B1905884C00F96D3E /* UIKit.framework in Frameworks */,
				D0A7482A1905884C00F96D3E /* Foundation.framework in Frameworks */,
			);
			runOnlyForDeploymentPostprocessing = 0;
		};
/* End PBXFrameworksBuildPhase section */

/* Begin PBXGroup section */
		D0A748031905884C00F96D3E = {
			isa = PBXGroup;
			children = (
				D0A748151905884C00F96D3E /* Selfy */,
				D0A7482E1905884C00F96D3E /* SelfyTests */,
				D0A7480E1905884C00F96D3E /* Frameworks */,
				D0A7480D1905884C00F96D3E /* Products */,
			);
			sourceTree = "<group>";
		};
		D0A7480D1905884C00F96D3E /* Products */ = {
			isa = PBXGroup;
			children = (
				D0A7480C1905884C00F96D3E /* Selfy.app */,
				D0A748271905884C00F96D3E /* SelfyTests.xctest */,
			);
			name = Products;
			sourceTree = "<group>";
		};
		D0A7480E1905884C00F96D3E /* Frameworks */ = {
			isa = PBXGroup;
			children = (
				D0A7480F1905884C00F96D3E /* Foundation.framework */,
				D0A748111905884C00F96D3E /* CoreGraphics.framework */,
				D0A748131905884C00F96D3E /* UIKit.framework */,
				D0A748281905884C00F96D3E /* XCTest.framework */,
			);
			name = Frameworks;
			sourceTree = "<group>";
		};
		D0A748151905884C00F96D3E /* Selfy */ = {
			isa = PBXGroup;
			children = (
				D0A748441905AE3000F96D3E /* images */,
				D0A7483E190588CA00F96D3E /* SLFTVController.h */,
				D0A7483F190588CA00F96D3E /* SLFTVController.m */,
				D0A7484119058D9C00F96D3E /* SLFTableViewCell.h */,
				D0A7484219058D9C00F96D3E /* SLFTableViewCell.m */,
				D0A7481E1905884C00F96D3E /* SLFAppDelegate.h */,
				D0A7481F1905884C00F96D3E /* SLFAppDelegate.m */,
				D0A748211905884C00F96D3E /* Images.xcassets */,
				D0A748161905884C00F96D3E /* Supporting Files */,
			);
			path = Selfy;
			sourceTree = "<group>";
		};
		D0A748161905884C00F96D3E /* Supporting Files */ = {
			isa = PBXGroup;
			children = (
				D0A748171905884C00F96D3E /* Selfy-Info.plist */,
				D0A748181905884C00F96D3E /* InfoPlist.strings */,
				D0A7481B1905884C00F96D3E /* main.m */,
				D0A7481D1905884C00F96D3E /* Selfy-Prefix.pch */,
			);
			name = "Supporting Files";
			sourceTree = "<group>";
		};
		D0A7482E1905884C00F96D3E /* SelfyTests */ = {
			isa = PBXGroup;
			children = (
				D0A748341905884C00F96D3E /* SelfyTests.m */,
				D0A7482F1905884C00F96D3E /* Supporting Files */,
			);
			path = SelfyTests;
			sourceTree = "<group>";
		};
		D0A7482F1905884C00F96D3E /* Supporting Files */ = {
			isa = PBXGroup;
			children = (
				D0A748301905884C00F96D3E /* SelfyTests-Info.plist */,
				D0A748311905884C00F96D3E /* InfoPlist.strings */,
			);
			name = "Supporting Files";
			sourceTree = "<group>";
		};
		D0A748441905AE3000F96D3E /* images */ = {
			isa = PBXGroup;
			children = (
				D0A748471906060100F96D3E /* plus-512.png */,
				D0A7484B190608D600F96D3E /* settings_filled-512.png */,
				D0A748451905AE3F00F96D3E /* johnyam.png */,
			);
			name = images;
			sourceTree = "<group>";
		};
/* End PBXGroup section */

/* Begin PBXNativeTarget section */
		D0A7480B1905884C00F96D3E /* Selfy */ = {
			isa = PBXNativeTarget;
			buildConfigurationList = D0A748381905884C00F96D3E /* Build configuration list for PBXNativeTarget "Selfy" */;
			buildPhases = (
				D0A748081905884C00F96D3E /* Sources */,
				D0A748091905884C00F96D3E /* Frameworks */,
				D0A7480A1905884C00F96D3E /* Resources */,
			);
			buildRules = (
			);
			dependencies = (
			);
			name = Selfy;
			productName = Selfy;
			productReference = D0A7480C1905884C00F96D3E /* Selfy.app */;
			productType = "com.apple.product-type.application";
		};
		D0A748261905884C00F96D3E /* SelfyTests */ = {
			isa = PBXNativeTarget;
			buildConfigurationList = D0A7483B1905884C00F96D3E /* Build configuration list for PBXNativeTarget "SelfyTests" */;
			buildPhases = (
				D0A748231905884C00F96D3E /* Sources */,
				D0A748241905884C00F96D3E /* Frameworks */,
				D0A748251905884C00F96D3E /* Resources */,
			);
			buildRules = (
			);
			dependencies = (
				D0A7482D1905884C00F96D3E /* PBXTargetDependency */,
			);
			name = SelfyTests;
			productName = SelfyTests;
			productReference = D0A748271905884C00F96D3E /* SelfyTests.xctest */;
			productType = "com.apple.product-type.bundle.unit-test";
		};
/* End PBXNativeTarget section */

/* Begin PBXProject section */
		D0A748041905884C00F96D3E /* Project object */ = {
			isa = PBXProject;
			attributes = {
				CLASSPREFIX = SLF;
				LastUpgradeCheck = 0510;
				ORGANIZATIONNAME = "John Yam";
				TargetAttributes = {
					D0A748261905884C00F96D3E = {
						TestTargetID = D0A7480B1905884C00F96D3E;
					};
				};
			};
			buildConfigurationList = D0A748071905884C00F96D3E /* Build configuration list for PBXProject "Selfy" */;
			compatibilityVersion = "Xcode 3.2";
			developmentRegion = English;
			hasScannedForEncodings = 0;
			knownRegions = (
				en,
			);
			mainGroup = D0A748031905884C00F96D3E;
			productRefGroup = D0A7480D1905884C00F96D3E /* Products */;
			projectDirPath = "";
			projectRoot = "";
			targets = (
				D0A7480B1905884C00F96D3E /* Selfy */,
				D0A748261905884C00F96D3E /* SelfyTests */,
			);
		};
/* End PBXProject section */

/* Begin PBXResourcesBuildPhase section */
		D0A7480A1905884C00F96D3E /* Resources */ = {
			isa = PBXResourcesBuildPhase;
			buildActionMask = 2147483647;
			files = (
				D0A7484C190608D600F96D3E /* settings_filled-512.png in Resources */,
				D0A748481906060100F96D3E /* plus-512.png in Resources */,
				D0A7481A1905884C00F96D3E /* InfoPlist.strings in Resources */,
				D0A748221905884C00F96D3E /* Images.xcassets in Resources */,
				D0A748461905AE3F00F96D3E /* johnyam.png in Resources */,
			);
			runOnlyForDeploymentPostprocessing = 0;
		};
		D0A748251905884C00F96D3E /* Resources */ = {
			isa = PBXResourcesBuildPhase;
			buildActionMask = 2147483647;
			files = (
				D0A748331905884C00F96D3E /* InfoPlist.strings in Resources */,
			);
			runOnlyForDeploymentPostprocessing = 0;
		};
/* End PBXResourcesBuildPhase section */

/* Begin PBXSourcesBuildPhase section */
		D0A748081905884C00F96D3E /* Sources */ = {
			isa = PBXSourcesBuildPhase;
			buildActionMask = 2147483647;
			files = (
				D0A748201905884C00F96D3E /* SLFAppDelegate.m in Sources */,
				D0A7484319058D9C00F96D3E /* SLFTableViewCell.m in Sources */,
				D0A74840190588CA00F96D3E /* SLFTVController.m in Sources */,
				D0A7481C1905884C00F96D3E /* main.m in Sources */,
			);
			runOnlyForDeploymentPostprocessing = 0;
		};
		D0A748231905884C00F96D3E /* Sources */ = {
			isa = PBXSourcesBuildPhase;
			buildActionMask = 2147483647;
			files = (
				D0A748351905884C00F96D3E /* SelfyTests.m in Sources */,
			);
			runOnlyForDeploymentPostprocessing = 0;
		};
/* End PBXSourcesBuildPhase section */

/* Begin PBXTargetDependency section */
		D0A7482D1905884C00F96D3E /* PBXTargetDependency */ = {
			isa = PBXTargetDependency;
			target = D0A7480B1905884C00F96D3E /* Selfy */;
			targetProxy = D0A7482C1905884C00F96D3E /* PBXContainerItemProxy */;
		};
/* End PBXTargetDependency section */

/* Begin PBXVariantGroup section */
		D0A748181905884C00F96D3E /* InfoPlist.strings */ = {
			isa = PBXVariantGroup;
			children = (
				D0A748191905884C00F96D3E /* en */,
			);
			name = InfoPlist.strings;
			sourceTree = "<group>";
		};
		D0A748311905884C00F96D3E /* InfoPlist.strings */ = {
			isa = PBXVariantGroup;
			children = (
				D0A748321905884C00F96D3E /* en */,
			);
			name = InfoPlist.strings;
			sourceTree = "<group>";
		};
/* End PBXVariantGroup section */

/* Begin XCBuildConfiguration section */
		D0A748361905884C00F96D3E /* Debug */ = {
			isa = XCBuildConfiguration;
			buildSettings = {
				ALWAYS_SEARCH_USER_PATHS = NO;
				CLANG_CXX_LANGUAGE_STANDARD = "gnu++0x";
				CLANG_CXX_LIBRARY = "libc++";
				CLANG_ENABLE_MODULES = YES;
				CLANG_ENABLE_OBJC_ARC = YES;
				CLANG_WARN_BOOL_CONVERSION = YES;
				CLANG_WARN_CONSTANT_CONVERSION = YES;
				CLANG_WARN_DIRECT_OBJC_ISA_USAGE = YES_ERROR;
				CLANG_WARN_EMPTY_BODY = YES;
				CLANG_WARN_ENUM_CONVERSION = YES;
				CLANG_WARN_INT_CONVERSION = YES;
				CLANG_WARN_OBJC_ROOT_CLASS = YES_ERROR;
				CLANG_WARN__DUPLICATE_METHOD_MATCH = YES;
				"CODE_SIGN_IDENTITY[sdk=iphoneos*]" = "iPhone Developer";
				COPY_PHASE_STRIP = NO;
				GCC_C_LANGUAGE_STANDARD = gnu99;
				GCC_DYNAMIC_NO_PIC = NO;
				GCC_OPTIMIZATION_LEVEL = 0;
				GCC_PREPROCESSOR_DEFINITIONS = (
					"DEBUG=1",
					"$(inherited)",
				);
				GCC_SYMBOLS_PRIVATE_EXTERN = NO;
				GCC_WARN_64_TO_32_BIT_CONVERSION = YES;
				GCC_WARN_ABOUT_RETURN_TYPE = YES_ERROR;
				GCC_WARN_UNDECLARED_SELECTOR = YES;
				GCC_WARN_UNINITIALIZED_AUTOS = YES_AGGRESSIVE;
				GCC_WARN_UNUSED_FUNCTION = YES;
				GCC_WARN_UNUSED_VARIABLE = YES;
				IPHONEOS_DEPLOYMENT_TARGET = 7.1;
				ONLY_ACTIVE_ARCH = YES;
				SDKROOT = iphoneos;
			};
			name = Debug;
		};
		D0A748371905884C00F96D3E /* Release */ = {
			isa = XCBuildConfiguration;
			buildSettings = {
				ALWAYS_SEARCH_USER_PATHS = NO;
				CLANG_CXX_LANGUAGE_STANDARD = "gnu++0x";
				CLANG_CXX_LIBRARY = "libc++";
				CLANG_ENABLE_MODULES = YES;
				CLANG_ENABLE_OBJC_ARC = YES;
				CLANG_WARN_BOOL_CONVERSION = YES;
				CLANG_WARN_CONSTANT_CONVERSION = YES;
				CLANG_WARN_DIRECT_OBJC_ISA_USAGE = YES_ERROR;
				CLANG_WARN_EMPTY_BODY = YES;
				CLANG_WARN_ENUM_CONVERSION = YES;
				CLANG_WARN_INT_CONVERSION = YES;
				CLANG_WARN_OBJC_ROOT_CLASS = YES_ERROR;
				CLANG_WARN__DUPLICATE_METHOD_MATCH = YES;
				"CODE_SIGN_IDENTITY[sdk=iphoneos*]" = "iPhone Developer";
				COPY_PHASE_STRIP = YES;
				ENABLE_NS_ASSERTIONS = NO;
				GCC_C_LANGUAGE_STANDARD = gnu99;
				GCC_WARN_64_TO_32_BIT_CONVERSION = YES;
				GCC_WARN_ABOUT_RETURN_TYPE = YES_ERROR;
				GCC_WARN_UNDECLARED_SELECTOR = YES;
				GCC_WARN_UNINITIALIZED_AUTOS = YES_AGGRESSIVE;
				GCC_WARN_UNUSED_FUNCTION = YES;
				GCC_WARN_UNUSED_VARIABLE = YES;
				IPHONEOS_DEPLOYMENT_TARGET = 7.1;
				SDKROOT = iphoneos;
				VALIDATE_PRODUCT = YES;
			};
			name = Release;
		};
		D0A748391905884C00F96D3E /* Debug */ = {
			isa = XCBuildConfiguration;
			buildSettings = {
				ASSETCATALOG_COMPILER_APPICON_NAME = AppIcon;
				ASSETCATALOG_COMPILER_LAUNCHIMAGE_NAME = LaunchImage;
				GCC_PRECOMPILE_PREFIX_HEADER = YES;
				GCC_PREFIX_HEADER = "Selfy/Selfy-Prefix.pch";
				INFOPLIST_FILE = "Selfy/Selfy-Info.plist";
				PRODUCT_NAME = "$(TARGET_NAME)";
				WRAPPER_EXTENSION = app;
			};
			name = Debug;
		};
		D0A7483A1905884C00F96D3E /* Release */ = {
			isa = XCBuildConfiguration;
			buildSettings = {
				ASSETCATALOG_COMPILER_APPICON_NAME = AppIcon;
				ASSETCATALOG_COMPILER_LAUNCHIMAGE_NAME = LaunchImage;
				GCC_PRECOMPILE_PREFIX_HEADER = YES;
				GCC_PREFIX_HEADER = "Selfy/Selfy-Prefix.pch";
				INFOPLIST_FILE = "Selfy/Selfy-Info.plist";
				PRODUCT_NAME = "$(TARGET_NAME)";
				WRAPPER_EXTENSION = app;
			};
			name = Release;
		};
		D0A7483C1905884C00F96D3E /* Debug */ = {
			isa = XCBuildConfiguration;
			buildSettings = {
				BUNDLE_LOADER = "$(BUILT_PRODUCTS_DIR)/Selfy.app/Selfy";
				FRAMEWORK_SEARCH_PATHS = (
					"$(SDKROOT)/Developer/Library/Frameworks",
					"$(inherited)",
					"$(DEVELOPER_FRAMEWORKS_DIR)",
				);
				GCC_PRECOMPILE_PREFIX_HEADER = YES;
				GCC_PREFIX_HEADER = "Selfy/Selfy-Prefix.pch";
				GCC_PREPROCESSOR_DEFINITIONS = (
					"DEBUG=1",
					"$(inherited)",
				);
				INFOPLIST_FILE = "SelfyTests/SelfyTests-Info.plist";
				PRODUCT_NAME = "$(TARGET_NAME)";
				TEST_HOST = "$(BUNDLE_LOADER)";
				WRAPPER_EXTENSION = xctest;
			};
			name = Debug;
		};
		D0A7483D1905884C00F96D3E /* Release */ = {
			isa = XCBuildConfiguration;
			buildSettings = {
				BUNDLE_LOADER = "$(BUILT_PRODUCTS_DIR)/Selfy.app/Selfy";
				FRAMEWORK_SEARCH_PATHS = (
					"$(SDKROOT)/Developer/Library/Frameworks",
					"$(inherited)",
					"$(DEVELOPER_FRAMEWORKS_DIR)",
				);
				GCC_PRECOMPILE_PREFIX_HEADER = YES;
				GCC_PREFIX_HEADER = "Selfy/Selfy-Prefix.pch";
				INFOPLIST_FILE = "SelfyTests/SelfyTests-Info.plist";
				PRODUCT_NAME = "$(TARGET_NAME)";
				TEST_HOST = "$(BUNDLE_LOADER)";
				WRAPPER_EXTENSION = xctest;
			};
			name = Release;
		};
/* End XCBuildConfiguration section */

/* Begin XCConfigurationList section */
		D0A748071905884C00F96D3E /* Build configuration list for PBXProject "Selfy" */ = {
			isa = XCConfigurationList;
			buildConfigurations = (
				D0A748361905884C00F96D3E /* Debug */,
				D0A748371905884C00F96D3E /* Release */,
			);
			defaultConfigurationIsVisible = 0;
			defaultConfigurationName = Release;
		};
		D0A748381905884C00F96D3E /* Build configuration list for PBXNativeTarget "Selfy" */ = {
			isa = XCConfigurationList;
			buildConfigurations = (
				D0A748391905884C00F96D3E /* Debug */,
				D0A7483A1905884C00F96D3E /* Release */,
			);
			defaultConfigurationIsVisible = 0;
		};
		D0A7483B1905884C00F96D3E /* Build configuration list for PBXNativeTarget "SelfyTests" */ = {
			isa = XCConfigurationList;
			buildConfigurations = (
				D0A7483C1905884C00F96D3E /* Debug */,
				D0A7483D1905884C00F96D3E /* Release */,
			);
			defaultConfigurationIsVisible = 0;
		};
/* End XCConfigurationList section */
	};
	rootObject = D0A748041905884C00F96D3E /* Project object */;
}
