// !$*UTF8*$!
{
	archiveVersion = 1;
	classes = {
	};
	objectVersion = 46;
	objects = {

/* Begin PBXBuildFile section */
		D0A843CA1925A7A300B3B72E /* Blip 001.wav in Resources */ = {isa = PBXBuildFile; fileRef = D0A843C91925A7A300B3B72E /* Blip 001.wav */; };
		D0A843CC1925A85100B3B72E /* Effect 001.wav in Resources */ = {isa = PBXBuildFile; fileRef = D0A843CB1925A85100B3B72E /* Effect 001.wav */; };
		D0A843CE1925C9AD00B3B72E /* dude.png in Resources */ = {isa = PBXBuildFile; fileRef = D0A843CD1925C9AD00B3B72E /* dude.png */; };
		D0A843D01925CAAB00B3B72E /* dude2.png in Resources */ = {isa = PBXBuildFile; fileRef = D0A843CF1925CAAB00B3B72E /* dude2.png */; };
		D0A843D21925CD8D00B3B72E /* dude1.png in Resources */ = {isa = PBXBuildFile; fileRef = D0A843D11925CD8D00B3B72E /* dude1.png */; };
		D0A843D419263C8300B3B72E /* finishhim.mp3 in Resources */ = {isa = PBXBuildFile; fileRef = D0A843D319263C8300B3B72E /* finishhim.mp3 */; };
		D0A843D619263CE700B3B72E /* mk-finishhim.wav in Resources */ = {isa = PBXBuildFile; fileRef = D0A843D519263CE700B3B72E /* mk-finishhim.wav */; };
		D0A843DA19263F7300B3B72E /* explosion.sks in Resources */ = {isa = PBXBuildFile; fileRef = D0A843D919263F7300B3B72E /* explosion.sks */; };
		D0A843DC1926452000B3B72E /* grunt.wav in Resources */ = {isa = PBXBuildFile; fileRef = D0A843DB1926452000B3B72E /* grunt.wav */; };
		D0A843DE1926464E00B3B72E /* flawless.wav in Resources */ = {isa = PBXBuildFile; fileRef = D0A843DD1926464E00B3B72E /* flawless.wav */; };
		D0A843EB1926592800B3B72E /* char.atlas in Resources */ = {isa = PBXBuildFile; fileRef = D0A843EA1926592800B3B72E /* char.atlas */; };
		D0A843ED192666A700B3B72E /* dance.atlas in Resources */ = {isa = PBXBuildFile; fileRef = D0A843EC192666A700B3B72E /* dance.atlas */; };
		D0A843F0192698D000B3B72E /* SABGameData.m in Sources */ = {isa = PBXBuildFile; fileRef = D0A843EF192698D000B3B72E /* SABGameData.m */; };
		D0DBDFFA1924F67E003968F1 /* Foundation.framework in Frameworks */ = {isa = PBXBuildFile; fileRef = D0DBDFF91924F67E003968F1 /* Foundation.framework */; };
		D0DBDFFC1924F67E003968F1 /* CoreGraphics.framework in Frameworks */ = {isa = PBXBuildFile; fileRef = D0DBDFFB1924F67E003968F1 /* CoreGraphics.framework */; };
		D0DBDFFE1924F67E003968F1 /* UIKit.framework in Frameworks */ = {isa = PBXBuildFile; fileRef = D0DBDFFD1924F67E003968F1 /* UIKit.framework */; };
		D0DBE0041924F67E003968F1 /* InfoPlist.strings in Resources */ = {isa = PBXBuildFile; fileRef = D0DBE0021924F67E003968F1 /* InfoPlist.strings */; };
		D0DBE0061924F67E003968F1 /* main.m in Sources */ = {isa = PBXBuildFile; fileRef = D0DBE0051924F67E003968F1 /* main.m */; };
		D0DBE00A1924F67E003968F1 /* SABAppDelegate.m in Sources */ = {isa = PBXBuildFile; fileRef = D0DBE0091924F67E003968F1 /* SABAppDelegate.m */; };
		D0DBE00C1924F67E003968F1 /* Images.xcassets in Resources */ = {isa = PBXBuildFile; fileRef = D0DBE00B1924F67E003968F1 /* Images.xcassets */; };
		D0DBE0131924F67E003968F1 /* XCTest.framework in Frameworks */ = {isa = PBXBuildFile; fileRef = D0DBE0121924F67E003968F1 /* XCTest.framework */; };
		D0DBE0141924F67E003968F1 /* Foundation.framework in Frameworks */ = {isa = PBXBuildFile; fileRef = D0DBDFF91924F67E003968F1 /* Foundation.framework */; };
		D0DBE0151924F67E003968F1 /* UIKit.framework in Frameworks */ = {isa = PBXBuildFile; fileRef = D0DBDFFD1924F67E003968F1 /* UIKit.framework */; };
		D0DBE01D1924F67E003968F1 /* InfoPlist.strings in Resources */ = {isa = PBXBuildFile; fileRef = D0DBE01B1924F67E003968F1 /* InfoPlist.strings */; };
		D0DBE01F1924F67E003968F1 /* Stuffed_Animal_BattleTests.m in Sources */ = {isa = PBXBuildFile; fileRef = D0DBE01E1924F67E003968F1 /* Stuffed_Animal_BattleTests.m */; };
		D0DBE02A1924F6CC003968F1 /* SABViewController.m in Sources */ = {isa = PBXBuildFile; fileRef = D0DBE0291924F6CC003968F1 /* SABViewController.m */; };
		D0DBE02D1924FBEA003968F1 /* SABGameScene.m in Sources */ = {isa = PBXBuildFile; fileRef = D0DBE02C1924FBEA003968F1 /* SABGameScene.m */; };
		D0DBE03019253F6B003968F1 /* FireParticle.sks in Resources */ = {isa = PBXBuildFile; fileRef = D0DBE02E19253F6B003968F1 /* FireParticle.sks */; };
		D0DBE03119253F6B003968F1 /* spark.png in Resources */ = {isa = PBXBuildFile; fileRef = D0DBE02F19253F6B003968F1 /* spark.png */; };
		D0DBE03D192546BE003968F1 /* snow.sks in Resources */ = {isa = PBXBuildFile; fileRef = D0DBE03C192546BE003968F1 /* snow.sks */; };
		D0DBE03F19254914003968F1 /* smoking.sks in Resources */ = {isa = PBXBuildFile; fileRef = D0DBE03E19254914003968F1 /* smoking.sks */; };
/* End PBXBuildFile section */

/* Begin PBXContainerItemProxy section */
		D0DBE0161924F67E003968F1 /* PBXContainerItemProxy */ = {
			isa = PBXContainerItemProxy;
			containerPortal = D0DBDFEE1924F67E003968F1 /* Project object */;
			proxyType = 1;
			remoteGlobalIDString = D0DBDFF51924F67E003968F1;
			remoteInfo = "Stuffed Animal Battle";
		};
/* End PBXContainerItemProxy section */

/* Begin PBXFileReference section */
		D0A843C91925A7A300B3B72E /* Blip 001.wav */ = {isa = PBXFileReference; lastKnownFileType = audio.wav; path = "Blip 001.wav"; sourceTree = "<group>"; };
		D0A843CB1925A85100B3B72E /* Effect 001.wav */ = {isa = PBXFileReference; lastKnownFileType = audio.wav; path = "Effect 001.wav"; sourceTree = "<group>"; };
		D0A843CD1925C9AD00B3B72E /* dude.png */ = {isa = PBXFileReference; lastKnownFileType = image.png; name = dude.png; path = "Stuffed Animal Battle/dude.png"; sourceTree = "<group>"; };
		D0A843CF1925CAAB00B3B72E /* dude2.png */ = {isa = PBXFileReference; lastKnownFileType = image.png; name = dude2.png; path = "Stuffed Animal Battle/dude2.png"; sourceTree = "<group>"; };
		D0A843D11925CD8D00B3B72E /* dude1.png */ = {isa = PBXFileReference; lastKnownFileType = image.png; name = dude1.png; path = "Stuffed Animal Battle/dude1.png"; sourceTree = "<group>"; };
		D0A843D319263C8300B3B72E /* finishhim.mp3 */ = {isa = PBXFileReference; lastKnownFileType = audio.mp3; path = finishhim.mp3; sourceTree = "<group>"; };
		D0A843D519263CE700B3B72E /* mk-finishhim.wav */ = {isa = PBXFileReference; lastKnownFileType = audio.wav; path = "mk-finishhim.wav"; sourceTree = "<group>"; };
		D0A843D919263F7300B3B72E /* explosion.sks */ = {isa = PBXFileReference; lastKnownFileType = file.sks; path = explosion.sks; sourceTree = "<group>"; };
		D0A843DB1926452000B3B72E /* grunt.wav */ = {isa = PBXFileReference; lastKnownFileType = audio.wav; path = grunt.wav; sourceTree = "<group>"; };
		D0A843DD1926464E00B3B72E /* flawless.wav */ = {isa = PBXFileReference; lastKnownFileType = audio.wav; path = flawless.wav; sourceTree = "<group>"; };
		D0A843EA1926592800B3B72E /* char.atlas */ = {isa = PBXFileReference; lastKnownFileType = folder.skatlas; path = char.atlas; sourceTree = "<group>"; };
		D0A843EC192666A700B3B72E /* dance.atlas */ = {isa = PBXFileReference; lastKnownFileType = folder.skatlas; path = dance.atlas; sourceTree = "<group>"; };
		D0A843EE192698D000B3B72E /* SABGameData.h */ = {isa = PBXFileReference; fileEncoding = 4; lastKnownFileType = sourcecode.c.h; path = SABGameData.h; sourceTree = "<group>"; };
		D0A843EF192698D000B3B72E /* SABGameData.m */ = {isa = PBXFileReference; fileEncoding = 4; lastKnownFileType = sourcecode.c.objc; path = SABGameData.m; sourceTree = "<group>"; };
		D0DBDFF61924F67E003968F1 /* Stuffed Animal Battle.app */ = {isa = PBXFileReference; explicitFileType = wrapper.application; includeInIndex = 0; path = "Stuffed Animal Battle.app"; sourceTree = BUILT_PRODUCTS_DIR; };
		D0DBDFF91924F67E003968F1 /* Foundation.framework */ = {isa = PBXFileReference; lastKnownFileType = wrapper.framework; name = Foundation.framework; path = System/Library/Frameworks/Foundation.framework; sourceTree = SDKROOT; };
		D0DBDFFB1924F67E003968F1 /* CoreGraphics.framework */ = {isa = PBXFileReference; lastKnownFileType = wrapper.framework; name = CoreGraphics.framework; path = System/Library/Frameworks/CoreGraphics.framework; sourceTree = SDKROOT; };
		D0DBDFFD1924F67E003968F1 /* UIKit.framework */ = {isa = PBXFileReference; lastKnownFileType = wrapper.framework; name = UIKit.framework; path = System/Library/Frameworks/UIKit.framework; sourceTree = SDKROOT; };
		D0DBE0011924F67E003968F1 /* Stuffed Animal Battle-Info.plist */ = {isa = PBXFileReference; lastKnownFileType = text.plist.xml; path = "Stuffed Animal Battle-Info.plist"; sourceTree = "<group>"; };
		D0DBE0031924F67E003968F1 /* en */ = {isa = PBXFileReference; lastKnownFileType = text.plist.strings; name = en; path = en.lproj/InfoPlist.strings; sourceTree = "<group>"; };
		D0DBE0051924F67E003968F1 /* main.m */ = {isa = PBXFileReference; lastKnownFileType = sourcecode.c.objc; path = main.m; sourceTree = "<group>"; };
		D0DBE0071924F67E003968F1 /* Stuffed Animal Battle-Prefix.pch */ = {isa = PBXFileReference; lastKnownFileType = sourcecode.c.h; path = "Stuffed Animal Battle-Prefix.pch"; sourceTree = "<group>"; };
		D0DBE0081924F67E003968F1 /* SABAppDelegate.h */ = {isa = PBXFileReference; lastKnownFileType = sourcecode.c.h; path = SABAppDelegate.h; sourceTree = "<group>"; };
		D0DBE0091924F67E003968F1 /* SABAppDelegate.m */ = {isa = PBXFileReference; lastKnownFileType = sourcecode.c.objc; path = SABAppDelegate.m; sourceTree = "<group>"; };
		D0DBE00B1924F67E003968F1 /* Images.xcassets */ = {isa = PBXFileReference; lastKnownFileType = folder.assetcatalog; path = Images.xcassets; sourceTree = "<group>"; };
		D0DBE0111924F67E003968F1 /* Stuffed Animal BattleTests.xctest */ = {isa = PBXFileReference; explicitFileType = wrapper.cfbundle; includeInIndex = 0; path = "Stuffed Animal BattleTests.xctest"; sourceTree = BUILT_PRODUCTS_DIR; };
		D0DBE0121924F67E003968F1 /* XCTest.framework */ = {isa = PBXFileReference; lastKnownFileType = wrapper.framework; name = XCTest.framework; path = Library/Frameworks/XCTest.framework; sourceTree = DEVELOPER_DIR; };
		D0DBE01A1924F67E003968F1 /* Stuffed Animal BattleTests-Info.plist */ = {isa = PBXFileReference; lastKnownFileType = text.plist.xml; path = "Stuffed Animal BattleTests-Info.plist"; sourceTree = "<group>"; };
		D0DBE01C1924F67E003968F1 /* en */ = {isa = PBXFileReference; lastKnownFileType = text.plist.strings; name = en; path = en.lproj/InfoPlist.strings; sourceTree = "<group>"; };
		D0DBE01E1924F67E003968F1 /* Stuffed_Animal_BattleTests.m */ = {isa = PBXFileReference; lastKnownFileType = sourcecode.c.objc; path = Stuffed_Animal_BattleTests.m; sourceTree = "<group>"; };
		D0DBE0281924F6CC003968F1 /* SABViewController.h */ = {isa = PBXFileReference; fileEncoding = 4; lastKnownFileType = sourcecode.c.h; path = SABViewController.h; sourceTree = "<group>"; };
		D0DBE0291924F6CC003968F1 /* SABViewController.m */ = {isa = PBXFileReference; fileEncoding = 4; lastKnownFileType = sourcecode.c.objc; path = SABViewController.m; sourceTree = "<group>"; };
		D0DBE02B1924FBEA003968F1 /* SABGameScene.h */ = {isa = PBXFileReference; fileEncoding = 4; lastKnownFileType = sourcecode.c.h; path = SABGameScene.h; sourceTree = "<group>"; };
		D0DBE02C1924FBEA003968F1 /* SABGameScene.m */ = {isa = PBXFileReference; fileEncoding = 4; lastKnownFileType = sourcecode.c.objc; path = SABGameScene.m; sourceTree = "<group>"; };
		D0DBE02E19253F6B003968F1 /* FireParticle.sks */ = {isa = PBXFileReference; lastKnownFileType = file.sks; path = FireParticle.sks; sourceTree = "<group>"; };
		D0DBE02F19253F6B003968F1 /* spark.png */ = {isa = PBXFileReference; lastKnownFileType = image.png; path = spark.png; sourceTree = "<group>"; };
		D0DBE03C192546BE003968F1 /* snow.sks */ = {isa = PBXFileReference; lastKnownFileType = file.sks; path = snow.sks; sourceTree = "<group>"; };
		D0DBE03E19254914003968F1 /* smoking.sks */ = {isa = PBXFileReference; lastKnownFileType = file.sks; path = smoking.sks; sourceTree = "<group>"; };
/* End PBXFileReference section */

/* Begin PBXFrameworksBuildPhase section */
		D0DBDFF31924F67E003968F1 /* Frameworks */ = {
			isa = PBXFrameworksBuildPhase;
			buildActionMask = 2147483647;
			files = (
				D0DBDFFC1924F67E003968F1 /* CoreGraphics.framework in Frameworks */,
				D0DBDFFE1924F67E003968F1 /* UIKit.framework in Frameworks */,
				D0DBDFFA1924F67E003968F1 /* Foundation.framework in Frameworks */,
			);
			runOnlyForDeploymentPostprocessing = 0;
		};
		D0DBE00E1924F67E003968F1 /* Frameworks */ = {
			isa = PBXFrameworksBuildPhase;
			buildActionMask = 2147483647;
			files = (
				D0DBE0131924F67E003968F1 /* XCTest.framework in Frameworks */,
				D0DBE0151924F67E003968F1 /* UIKit.framework in Frameworks */,
				D0DBE0141924F67E003968F1 /* Foundation.framework in Frameworks */,
			);
			runOnlyForDeploymentPostprocessing = 0;
		};
/* End PBXFrameworksBuildPhase section */

/* Begin PBXGroup section */
		D0A843E7192656B600B3B72E /* sounds */ = {
			isa = PBXGroup;
			children = (
				D0A843D519263CE700B3B72E /* mk-finishhim.wav */,
				D0A843D319263C8300B3B72E /* finishhim.mp3 */,
				D0A843C91925A7A300B3B72E /* Blip 001.wav */,
				D0A843DD1926464E00B3B72E /* flawless.wav */,
				D0A843CB1925A85100B3B72E /* Effect 001.wav */,
				D0A843DB1926452000B3B72E /* grunt.wav */,
			);
			name = sounds;
			path = "Stuffed Animal Battle";
			sourceTree = "<group>";
		};
		D0A843E8192656E100B3B72E /* characters */ = {
			isa = PBXGroup;
			children = (
				D0A843CD1925C9AD00B3B72E /* dude.png */,
				D0A843D11925CD8D00B3B72E /* dude1.png */,
				D0A843CF1925CAAB00B3B72E /* dude2.png */,
			);
			name = characters;
			sourceTree = "<group>";
		};
		D0DBDFED1924F67E003968F1 = {
			isa = PBXGroup;
			children = (
				D0A843EC192666A700B3B72E /* dance.atlas */,
				D0A843EA1926592800B3B72E /* char.atlas */,
				D0A843E7192656B600B3B72E /* sounds */,
				D0A843E8192656E100B3B72E /* characters */,
				D0DBDFFF1924F67E003968F1 /* Stuffed Animal Battle */,
				D0DBE0181924F67E003968F1 /* Stuffed Animal BattleTests */,
				D0DBDFF81924F67E003968F1 /* Frameworks */,
				D0DBDFF71924F67E003968F1 /* Products */,
			);
			sourceTree = "<group>";
		};
		D0DBDFF71924F67E003968F1 /* Products */ = {
			isa = PBXGroup;
			children = (
				D0DBDFF61924F67E003968F1 /* Stuffed Animal Battle.app */,
				D0DBE0111924F67E003968F1 /* Stuffed Animal BattleTests.xctest */,
			);
			name = Products;
			sourceTree = "<group>";
		};
		D0DBDFF81924F67E003968F1 /* Frameworks */ = {
			isa = PBXGroup;
			children = (
				D0DBDFF91924F67E003968F1 /* Foundation.framework */,
				D0DBDFFB1924F67E003968F1 /* CoreGraphics.framework */,
				D0DBDFFD1924F67E003968F1 /* UIKit.framework */,
				D0DBE0121924F67E003968F1 /* XCTest.framework */,
			);
			name = Frameworks;
			sourceTree = "<group>";
		};
		D0DBDFFF1924F67E003968F1 /* Stuffed Animal Battle */ = {
			isa = PBXGroup;
			children = (
				D0DBE0081924F67E003968F1 /* SABAppDelegate.h */,
				D0DBE0091924F67E003968F1 /* SABAppDelegate.m */,
				D0DBE0281924F6CC003968F1 /* SABViewController.h */,
				D0DBE0291924F6CC003968F1 /* SABViewController.m */,
				D0DBE02B1924FBEA003968F1 /* SABGameScene.h */,
				D0DBE02C1924FBEA003968F1 /* SABGameScene.m */,
				D0A843D919263F7300B3B72E /* explosion.sks */,
				D0DBE03C192546BE003968F1 /* snow.sks */,
				D0DBE03E19254914003968F1 /* smoking.sks */,
				D0DBE02E19253F6B003968F1 /* FireParticle.sks */,
				D0DBE02F19253F6B003968F1 /* spark.png */,
				D0A843EE192698D000B3B72E /* SABGameData.h */,
				D0A843EF192698D000B3B72E /* SABGameData.m */,
				D0DBE00B1924F67E003968F1 /* Images.xcassets */,
				D0DBE0001924F67E003968F1 /* Supporting Files */,
			);
			path = "Stuffed Animal Battle";
			sourceTree = "<group>";
		};
		D0DBE0001924F67E003968F1 /* Supporting Files */ = {
			isa = PBXGroup;
			children = (
				D0DBE0011924F67E003968F1 /* Stuffed Animal Battle-Info.plist */,
				D0DBE0021924F67E003968F1 /* InfoPlist.strings */,
				D0DBE0051924F67E003968F1 /* main.m */,
				D0DBE0071924F67E003968F1 /* Stuffed Animal Battle-Prefix.pch */,
			);
			name = "Supporting Files";
			sourceTree = "<group>";
		};
		D0DBE0181924F67E003968F1 /* Stuffed Animal BattleTests */ = {
			isa = PBXGroup;
			children = (
				D0DBE01E1924F67E003968F1 /* Stuffed_Animal_BattleTests.m */,
				D0DBE0191924F67E003968F1 /* Supporting Files */,
			);
			path = "Stuffed Animal BattleTests";
			sourceTree = "<group>";
		};
		D0DBE0191924F67E003968F1 /* Supporting Files */ = {
			isa = PBXGroup;
			children = (
				D0DBE01A1924F67E003968F1 /* Stuffed Animal BattleTests-Info.plist */,
				D0DBE01B1924F67E003968F1 /* InfoPlist.strings */,
			);
			name = "Supporting Files";
			sourceTree = "<group>";
		};
/* End PBXGroup section */

/* Begin PBXNativeTarget section */
		D0DBDFF51924F67E003968F1 /* Stuffed Animal Battle */ = {
			isa = PBXNativeTarget;
			buildConfigurationList = D0DBE0221924F67E003968F1 /* Build configuration list for PBXNativeTarget "Stuffed Animal Battle" */;
			buildPhases = (
				D0DBDFF21924F67E003968F1 /* Sources */,
				D0DBDFF31924F67E003968F1 /* Frameworks */,
				D0DBDFF41924F67E003968F1 /* Resources */,
			);
			buildRules = (
			);
			dependencies = (
			);
			name = "Stuffed Animal Battle";
			productName = "Stuffed Animal Battle";
			productReference = D0DBDFF61924F67E003968F1 /* Stuffed Animal Battle.app */;
			productType = "com.apple.product-type.application";
		};
		D0DBE0101924F67E003968F1 /* Stuffed Animal BattleTests */ = {
			isa = PBXNativeTarget;
			buildConfigurationList = D0DBE0251924F67E003968F1 /* Build configuration list for PBXNativeTarget "Stuffed Animal BattleTests" */;
			buildPhases = (
				D0DBE00D1924F67E003968F1 /* Sources */,
				D0DBE00E1924F67E003968F1 /* Frameworks */,
				D0DBE00F1924F67E003968F1 /* Resources */,
			);
			buildRules = (
			);
			dependencies = (
				D0DBE0171924F67E003968F1 /* PBXTargetDependency */,
			);
			name = "Stuffed Animal BattleTests";
			productName = "Stuffed Animal BattleTests";
			productReference = D0DBE0111924F67E003968F1 /* Stuffed Animal BattleTests.xctest */;
			productType = "com.apple.product-type.bundle.unit-test";
		};
/* End PBXNativeTarget section */

/* Begin PBXProject section */
		D0DBDFEE1924F67E003968F1 /* Project object */ = {
			isa = PBXProject;
			attributes = {
				CLASSPREFIX = SAB;
				LastUpgradeCheck = 0510;
				ORGANIZATIONNAME = "John Yam";
				TargetAttributes = {
					D0DBE0101924F67E003968F1 = {
						TestTargetID = D0DBDFF51924F67E003968F1;
					};
				};
			};
			buildConfigurationList = D0DBDFF11924F67E003968F1 /* Build configuration list for PBXProject "Stuffed Animal Battle" */;
			compatibilityVersion = "Xcode 3.2";
			developmentRegion = English;
			hasScannedForEncodings = 0;
			knownRegions = (
				en,
			);
			mainGroup = D0DBDFED1924F67E003968F1;
			productRefGroup = D0DBDFF71924F67E003968F1 /* Products */;
			projectDirPath = "";
			projectRoot = "";
			targets = (
				D0DBDFF51924F67E003968F1 /* Stuffed Animal Battle */,
				D0DBE0101924F67E003968F1 /* Stuffed Animal BattleTests */,
			);
		};
/* End PBXProject section */

/* Begin PBXResourcesBuildPhase section */
		D0DBDFF41924F67E003968F1 /* Resources */ = {
			isa = PBXResourcesBuildPhase;
			buildActionMask = 2147483647;
			files = (
				D0A843CC1925A85100B3B72E /* Effect 001.wav in Resources */,
				D0DBE0041924F67E003968F1 /* InfoPlist.strings in Resources */,
				D0A843D01925CAAB00B3B72E /* dude2.png in Resources */,
				D0A843CE1925C9AD00B3B72E /* dude.png in Resources */,
				D0A843EB1926592800B3B72E /* char.atlas in Resources */,
				D0DBE03119253F6B003968F1 /* spark.png in Resources */,
				D0A843CA1925A7A300B3B72E /* Blip 001.wav in Resources */,
				D0A843DC1926452000B3B72E /* grunt.wav in Resources */,
				D0A843D619263CE700B3B72E /* mk-finishhim.wav in Resources */,
				D0A843ED192666A700B3B72E /* dance.atlas in Resources */,
				D0A843D419263C8300B3B72E /* finishhim.mp3 in Resources */,
				D0A843DE1926464E00B3B72E /* flawless.wav in Resources */,
				D0DBE03D192546BE003968F1 /* snow.sks in Resources */,
				D0DBE00C1924F67E003968F1 /* Images.xcassets in Resources */,
				D0A843D21925CD8D00B3B72E /* dude1.png in Resources */,
				D0A843DA19263F7300B3B72E /* explosion.sks in Resources */,
				D0DBE03F19254914003968F1 /* smoking.sks in Resources */,
				D0DBE03019253F6B003968F1 /* FireParticle.sks in Resources */,
			);
			runOnlyForDeploymentPostprocessing = 0;
		};
		D0DBE00F1924F67E003968F1 /* Resources */ = {
			isa = PBXResourcesBuildPhase;
			buildActionMask = 2147483647;
			files = (
				D0DBE01D1924F67E003968F1 /* InfoPlist.strings in Resources */,
			);
			runOnlyForDeploymentPostprocessing = 0;
		};
/* End PBXResourcesBuildPhase section */

/* Begin PBXSourcesBuildPhase section */
		D0DBDFF21924F67E003968F1 /* Sources */ = {
			isa = PBXSourcesBuildPhase;
			buildActionMask = 2147483647;
			files = (
				D0A843F0192698D000B3B72E /* SABGameData.m in Sources */,
				D0DBE02A1924F6CC003968F1 /* SABViewController.m in Sources */,
				D0DBE0061924F67E003968F1 /* main.m in Sources */,
				D0DBE00A1924F67E003968F1 /* SABAppDelegate.m in Sources */,
				D0DBE02D1924FBEA003968F1 /* SABGameScene.m in Sources */,
			);
			runOnlyForDeploymentPostprocessing = 0;
		};
		D0DBE00D1924F67E003968F1 /* Sources */ = {
			isa = PBXSourcesBuildPhase;
			buildActionMask = 2147483647;
			files = (
				D0DBE01F1924F67E003968F1 /* Stuffed_Animal_BattleTests.m in Sources */,
			);
			runOnlyForDeploymentPostprocessing = 0;
		};
/* End PBXSourcesBuildPhase section */

/* Begin PBXTargetDependency section */
		D0DBE0171924F67E003968F1 /* PBXTargetDependency */ = {
			isa = PBXTargetDependency;
			target = D0DBDFF51924F67E003968F1 /* Stuffed Animal Battle */;
			targetProxy = D0DBE0161924F67E003968F1 /* PBXContainerItemProxy */;
		};
/* End PBXTargetDependency section */

/* Begin PBXVariantGroup section */
		D0DBE0021924F67E003968F1 /* InfoPlist.strings */ = {
			isa = PBXVariantGroup;
			children = (
				D0DBE0031924F67E003968F1 /* en */,
			);
			name = InfoPlist.strings;
			sourceTree = "<group>";
		};
		D0DBE01B1924F67E003968F1 /* InfoPlist.strings */ = {
			isa = PBXVariantGroup;
			children = (
				D0DBE01C1924F67E003968F1 /* en */,
			);
			name = InfoPlist.strings;
			sourceTree = "<group>";
		};
/* End PBXVariantGroup section */

/* Begin XCBuildConfiguration section */
		D0DBE0201924F67E003968F1 /* Debug */ = {
			isa = XCBuildConfiguration;
			buildSettings = {
				ALWAYS_SEARCH_USER_PATHS = NO;
				CLANG_CXX_LANGUAGE_STANDARD = "gnu++0x";
				CLANG_CXX_LIBRARY = "libc++";
				CLANG_ENABLE_MODULES = YES;
				CLANG_ENABLE_OBJC_ARC = YES;
				CLANG_WARN_BOOL_CONVERSION = YES;
				CLANG_WARN_CONSTANT_CONVERSION = YES;
				CLANG_WARN_DIRECT_OBJC_ISA_USAGE = YES_ERROR;
				CLANG_WARN_EMPTY_BODY = YES;
				CLANG_WARN_ENUM_CONVERSION = YES;
				CLANG_WARN_INT_CONVERSION = YES;
				CLANG_WARN_OBJC_ROOT_CLASS = YES_ERROR;
				CLANG_WARN__DUPLICATE_METHOD_MATCH = YES;
				"CODE_SIGN_IDENTITY[sdk=iphoneos*]" = "iPhone Developer";
				COPY_PHASE_STRIP = NO;
				GCC_C_LANGUAGE_STANDARD = gnu99;
				GCC_DYNAMIC_NO_PIC = NO;
				GCC_OPTIMIZATION_LEVEL = 0;
				GCC_PREPROCESSOR_DEFINITIONS = (
					"DEBUG=1",
					"$(inherited)",
				);
				GCC_SYMBOLS_PRIVATE_EXTERN = NO;
				GCC_WARN_64_TO_32_BIT_CONVERSION = YES;
				GCC_WARN_ABOUT_RETURN_TYPE = YES_ERROR;
				GCC_WARN_UNDECLARED_SELECTOR = YES;
				GCC_WARN_UNINITIALIZED_AUTOS = YES_AGGRESSIVE;
				GCC_WARN_UNUSED_FUNCTION = YES;
				GCC_WARN_UNUSED_VARIABLE = YES;
				IPHONEOS_DEPLOYMENT_TARGET = 7.1;
				ONLY_ACTIVE_ARCH = YES;
				SDKROOT = iphoneos;
			};
			name = Debug;
		};
		D0DBE0211924F67E003968F1 /* Release */ = {
			isa = XCBuildConfiguration;
			buildSettings = {
				ALWAYS_SEARCH_USER_PATHS = NO;
				CLANG_CXX_LANGUAGE_STANDARD = "gnu++0x";
				CLANG_CXX_LIBRARY = "libc++";
				CLANG_ENABLE_MODULES = YES;
				CLANG_ENABLE_OBJC_ARC = YES;
				CLANG_WARN_BOOL_CONVERSION = YES;
				CLANG_WARN_CONSTANT_CONVERSION = YES;
				CLANG_WARN_DIRECT_OBJC_ISA_USAGE = YES_ERROR;
				CLANG_WARN_EMPTY_BODY = YES;
				CLANG_WARN_ENUM_CONVERSION = YES;
				CLANG_WARN_INT_CONVERSION = YES;
				CLANG_WARN_OBJC_ROOT_CLASS = YES_ERROR;
				CLANG_WARN__DUPLICATE_METHOD_MATCH = YES;
				"CODE_SIGN_IDENTITY[sdk=iphoneos*]" = "iPhone Developer";
				COPY_PHASE_STRIP = YES;
				ENABLE_NS_ASSERTIONS = NO;
				GCC_C_LANGUAGE_STANDARD = gnu99;
				GCC_WARN_64_TO_32_BIT_CONVERSION = YES;
				GCC_WARN_ABOUT_RETURN_TYPE = YES_ERROR;
				GCC_WARN_UNDECLARED_SELECTOR = YES;
				GCC_WARN_UNINITIALIZED_AUTOS = YES_AGGRESSIVE;
				GCC_WARN_UNUSED_FUNCTION = YES;
				GCC_WARN_UNUSED_VARIABLE = YES;
				IPHONEOS_DEPLOYMENT_TARGET = 7.1;
				SDKROOT = iphoneos;
				VALIDATE_PRODUCT = YES;
			};
			name = Release;
		};
		D0DBE0231924F67E003968F1 /* Debug */ = {
			isa = XCBuildConfiguration;
			buildSettings = {
				ASSETCATALOG_COMPILER_APPICON_NAME = AppIcon;
				ASSETCATALOG_COMPILER_LAUNCHIMAGE_NAME = LaunchImage;
				GCC_PRECOMPILE_PREFIX_HEADER = YES;
				GCC_PREFIX_HEADER = "Stuffed Animal Battle/Stuffed Animal Battle-Prefix.pch";
				INFOPLIST_FILE = "Stuffed Animal Battle/Stuffed Animal Battle-Info.plist";
				IPHONEOS_DEPLOYMENT_TARGET = 7.1;
				PRODUCT_NAME = "$(TARGET_NAME)";
				SPRITEKIT_TEXTURE_ATLAS_OUTPUT = YES;
				TARGETED_DEVICE_FAMILY = "1,2";
				WRAPPER_EXTENSION = app;
			};
			name = Debug;
		};
		D0DBE0241924F67E003968F1 /* Release */ = {
			isa = XCBuildConfiguration;
			buildSettings = {
				ASSETCATALOG_COMPILER_APPICON_NAME = AppIcon;
				ASSETCATALOG_COMPILER_LAUNCHIMAGE_NAME = LaunchImage;
				GCC_PRECOMPILE_PREFIX_HEADER = YES;
				GCC_PREFIX_HEADER = "Stuffed Animal Battle/Stuffed Animal Battle-Prefix.pch";
				INFOPLIST_FILE = "Stuffed Animal Battle/Stuffed Animal Battle-Info.plist";
				IPHONEOS_DEPLOYMENT_TARGET = 7.1;
				PRODUCT_NAME = "$(TARGET_NAME)";
				SPRITEKIT_TEXTURE_ATLAS_OUTPUT = YES;
				TARGETED_DEVICE_FAMILY = "1,2";
				WRAPPER_EXTENSION = app;
			};
			name = Release;
		};
		D0DBE0261924F67E003968F1 /* Debug */ = {
			isa = XCBuildConfiguration;
			buildSettings = {
				BUNDLE_LOADER = "$(BUILT_PRODUCTS_DIR)/Stuffed Animal Battle.app/Stuffed Animal Battle";
				FRAMEWORK_SEARCH_PATHS = (
					"$(SDKROOT)/Developer/Library/Frameworks",
					"$(inherited)",
					"$(DEVELOPER_FRAMEWORKS_DIR)",
				);
				GCC_PRECOMPILE_PREFIX_HEADER = YES;
				GCC_PREFIX_HEADER = "Stuffed Animal Battle/Stuffed Animal Battle-Prefix.pch";
				GCC_PREPROCESSOR_DEFINITIONS = (
					"DEBUG=1",
					"$(inherited)",
				);
				INFOPLIST_FILE = "Stuffed Animal BattleTests/Stuffed Animal BattleTests-Info.plist";
				PRODUCT_NAME = "$(TARGET_NAME)";
				TEST_HOST = "$(BUNDLE_LOADER)";
				WRAPPER_EXTENSION = xctest;
			};
			name = Debug;
		};
		D0DBE0271924F67E003968F1 /* Release */ = {
			isa = XCBuildConfiguration;
			buildSettings = {
				BUNDLE_LOADER = "$(BUILT_PRODUCTS_DIR)/Stuffed Animal Battle.app/Stuffed Animal Battle";
				FRAMEWORK_SEARCH_PATHS = (
					"$(SDKROOT)/Developer/Library/Frameworks",
					"$(inherited)",
					"$(DEVELOPER_FRAMEWORKS_DIR)",
				);
				GCC_PRECOMPILE_PREFIX_HEADER = YES;
				GCC_PREFIX_HEADER = "Stuffed Animal Battle/Stuffed Animal Battle-Prefix.pch";
				INFOPLIST_FILE = "Stuffed Animal BattleTests/Stuffed Animal BattleTests-Info.plist";
				PRODUCT_NAME = "$(TARGET_NAME)";
				TEST_HOST = "$(BUNDLE_LOADER)";
				WRAPPER_EXTENSION = xctest;
			};
			name = Release;
		};
/* End XCBuildConfiguration section */

/* Begin XCConfigurationList section */
		D0DBDFF11924F67E003968F1 /* Build configuration list for PBXProject "Stuffed Animal Battle" */ = {
			isa = XCConfigurationList;
			buildConfigurations = (
				D0DBE0201924F67E003968F1 /* Debug */,
				D0DBE0211924F67E003968F1 /* Release */,
			);
			defaultConfigurationIsVisible = 0;
			defaultConfigurationName = Release;
		};
		D0DBE0221924F67E003968F1 /* Build configuration list for PBXNativeTarget "Stuffed Animal Battle" */ = {
			isa = XCConfigurationList;
			buildConfigurations = (
				D0DBE0231924F67E003968F1 /* Debug */,
				D0DBE0241924F67E003968F1 /* Release */,
			);
			defaultConfigurationIsVisible = 0;
			defaultConfigurationName = Release;
		};
		D0DBE0251924F67E003968F1 /* Build configuration list for PBXNativeTarget "Stuffed Animal BattleTests" */ = {
			isa = XCConfigurationList;
			buildConfigurations = (
				D0DBE0261924F67E003968F1 /* Debug */,
				D0DBE0271924F67E003968F1 /* Release */,
			);
			defaultConfigurationIsVisible = 0;
			defaultConfigurationName = Release;
		};
/* End XCConfigurationList section */
	};
	rootObject = D0DBDFEE1924F67E003968F1 /* Project object */;
}
