// !$*UTF8*$!
{
	archiveVersion = 1;
	classes = {
	};
	objectVersion = 46;
	objects = {

/* Begin PBXBuildFile section */
		D025B6DD191AA546009B7EA1 /* Foundation.framework in Frameworks */ = {isa = PBXBuildFile; fileRef = D025B6DC191AA546009B7EA1 /* Foundation.framework */; };
		D025B6DF191AA546009B7EA1 /* CoreGraphics.framework in Frameworks */ = {isa = PBXBuildFile; fileRef = D025B6DE191AA546009B7EA1 /* CoreGraphics.framework */; };
		D025B6E1191AA546009B7EA1 /* UIKit.framework in Frameworks */ = {isa = PBXBuildFile; fileRef = D025B6E0191AA546009B7EA1 /* UIKit.framework */; };
		D025B6E7191AA546009B7EA1 /* InfoPlist.strings in Resources */ = {isa = PBXBuildFile; fileRef = D025B6E5191AA546009B7EA1 /* InfoPlist.strings */; };
		D025B6E9191AA546009B7EA1 /* main.m in Sources */ = {isa = PBXBuildFile; fileRef = D025B6E8191AA546009B7EA1 /* main.m */; };
		D025B6ED191AA546009B7EA1 /* RVBAppDelegate.m in Sources */ = {isa = PBXBuildFile; fileRef = D025B6EC191AA546009B7EA1 /* RVBAppDelegate.m */; };
		D025B6EF191AA546009B7EA1 /* Images.xcassets in Resources */ = {isa = PBXBuildFile; fileRef = D025B6EE191AA546009B7EA1 /* Images.xcassets */; };
		D025B6F6191AA546009B7EA1 /* XCTest.framework in Frameworks */ = {isa = PBXBuildFile; fileRef = D025B6F5191AA546009B7EA1 /* XCTest.framework */; };
		D025B6F7191AA546009B7EA1 /* Foundation.framework in Frameworks */ = {isa = PBXBuildFile; fileRef = D025B6DC191AA546009B7EA1 /* Foundation.framework */; };
		D025B6F8191AA546009B7EA1 /* UIKit.framework in Frameworks */ = {isa = PBXBuildFile; fileRef = D025B6E0191AA546009B7EA1 /* UIKit.framework */; };
		D025B700191AA546009B7EA1 /* InfoPlist.strings in Resources */ = {isa = PBXBuildFile; fileRef = D025B6FE191AA546009B7EA1 /* InfoPlist.strings */; };
		D025B702191AA546009B7EA1 /* redBlueTests.m in Sources */ = {isa = PBXBuildFile; fileRef = D025B701191AA546009B7EA1 /* redBlueTests.m */; };
		D025B70D191AA57E009B7EA1 /* RVBRootVController.m in Sources */ = {isa = PBXBuildFile; fileRef = D025B70C191AA57E009B7EA1 /* RVBRootVController.m */; };
		D025B710191AA59F009B7EA1 /* RVBRedVController.m in Sources */ = {isa = PBXBuildFile; fileRef = D025B70F191AA59F009B7EA1 /* RVBRedVController.m */; };
		D025B713191AA5AB009B7EA1 /* RVBBlueVController.m in Sources */ = {isa = PBXBuildFile; fileRef = D025B712191AA5AB009B7EA1 /* RVBBlueVController.m */; };
		D025B716191AA658009B7EA1 /* RVBgameData.m in Sources */ = {isa = PBXBuildFile; fileRef = D025B715191AA658009B7EA1 /* RVBgameData.m */; };
/* End PBXBuildFile section */

/* Begin PBXContainerItemProxy section */
		D025B6F9191AA546009B7EA1 /* PBXContainerItemProxy */ = {
			isa = PBXContainerItemProxy;
			containerPortal = D025B6D1191AA546009B7EA1 /* Project object */;
			proxyType = 1;
			remoteGlobalIDString = D025B6D8191AA546009B7EA1;
			remoteInfo = redBlue;
		};
/* End PBXContainerItemProxy section */

/* Begin PBXFileReference section */
		D025B6D9191AA546009B7EA1 /* redBlue.app */ = {isa = PBXFileReference; explicitFileType = wrapper.application; includeInIndex = 0; path = redBlue.app; sourceTree = BUILT_PRODUCTS_DIR; };
		D025B6DC191AA546009B7EA1 /* Foundation.framework */ = {isa = PBXFileReference; lastKnownFileType = wrapper.framework; name = Foundation.framework; path = System/Library/Frameworks/Foundation.framework; sourceTree = SDKROOT; };
		D025B6DE191AA546009B7EA1 /* CoreGraphics.framework */ = {isa = PBXFileReference; lastKnownFileType = wrapper.framework; name = CoreGraphics.framework; path = System/Library/Frameworks/CoreGraphics.framework; sourceTree = SDKROOT; };
		D025B6E0191AA546009B7EA1 /* UIKit.framework */ = {isa = PBXFileReference; lastKnownFileType = wrapper.framework; name = UIKit.framework; path = System/Library/Frameworks/UIKit.framework; sourceTree = SDKROOT; };
		D025B6E4191AA546009B7EA1 /* redBlue-Info.plist */ = {isa = PBXFileReference; lastKnownFileType = text.plist.xml; path = "redBlue-Info.plist"; sourceTree = "<group>"; };
		D025B6E6191AA546009B7EA1 /* en */ = {isa = PBXFileReference; lastKnownFileType = text.plist.strings; name = en; path = en.lproj/InfoPlist.strings; sourceTree = "<group>"; };
		D025B6E8191AA546009B7EA1 /* main.m */ = {isa = PBXFileReference; lastKnownFileType = sourcecode.c.objc; path = main.m; sourceTree = "<group>"; };
		D025B6EA191AA546009B7EA1 /* redBlue-Prefix.pch */ = {isa = PBXFileReference; lastKnownFileType = sourcecode.c.h; path = "redBlue-Prefix.pch"; sourceTree = "<group>"; };
		D025B6EB191AA546009B7EA1 /* RVBAppDelegate.h */ = {isa = PBXFileReference; lastKnownFileType = sourcecode.c.h; path = RVBAppDelegate.h; sourceTree = "<group>"; };
		D025B6EC191AA546009B7EA1 /* RVBAppDelegate.m */ = {isa = PBXFileReference; lastKnownFileType = sourcecode.c.objc; path = RVBAppDelegate.m; sourceTree = "<group>"; };
		D025B6EE191AA546009B7EA1 /* Images.xcassets */ = {isa = PBXFileReference; lastKnownFileType = folder.assetcatalog; path = Images.xcassets; sourceTree = "<group>"; };
		D025B6F4191AA546009B7EA1 /* redBlueTests.xctest */ = {isa = PBXFileReference; explicitFileType = wrapper.cfbundle; includeInIndex = 0; path = redBlueTests.xctest; sourceTree = BUILT_PRODUCTS_DIR; };
		D025B6F5191AA546009B7EA1 /* XCTest.framework */ = {isa = PBXFileReference; lastKnownFileType = wrapper.framework; name = XCTest.framework; path = Library/Frameworks/XCTest.framework; sourceTree = DEVELOPER_DIR; };
		D025B6FD191AA546009B7EA1 /* redBlueTests-Info.plist */ = {isa = PBXFileReference; lastKnownFileType = text.plist.xml; path = "redBlueTests-Info.plist"; sourceTree = "<group>"; };
		D025B6FF191AA546009B7EA1 /* en */ = {isa = PBXFileReference; lastKnownFileType = text.plist.strings; name = en; path = en.lproj/InfoPlist.strings; sourceTree = "<group>"; };
		D025B701191AA546009B7EA1 /* redBlueTests.m */ = {isa = PBXFileReference; lastKnownFileType = sourcecode.c.objc; path = redBlueTests.m; sourceTree = "<group>"; };
		D025B70B191AA57E009B7EA1 /* RVBRootVController.h */ = {isa = PBXFileReference; fileEncoding = 4; lastKnownFileType = sourcecode.c.h; path = RVBRootVController.h; sourceTree = "<group>"; };
		D025B70C191AA57E009B7EA1 /* RVBRootVController.m */ = {isa = PBXFileReference; fileEncoding = 4; lastKnownFileType = sourcecode.c.objc; path = RVBRootVController.m; sourceTree = "<group>"; };
		D025B70E191AA59F009B7EA1 /* RVBRedVController.h */ = {isa = PBXFileReference; fileEncoding = 4; lastKnownFileType = sourcecode.c.h; path = RVBRedVController.h; sourceTree = "<group>"; };
		D025B70F191AA59F009B7EA1 /* RVBRedVController.m */ = {isa = PBXFileReference; fileEncoding = 4; lastKnownFileType = sourcecode.c.objc; path = RVBRedVController.m; sourceTree = "<group>"; };
		D025B711191AA5AB009B7EA1 /* RVBBlueVController.h */ = {isa = PBXFileReference; fileEncoding = 4; lastKnownFileType = sourcecode.c.h; path = RVBBlueVController.h; sourceTree = "<group>"; };
		D025B712191AA5AB009B7EA1 /* RVBBlueVController.m */ = {isa = PBXFileReference; fileEncoding = 4; lastKnownFileType = sourcecode.c.objc; path = RVBBlueVController.m; sourceTree = "<group>"; };
		D025B714191AA658009B7EA1 /* RVBgameData.h */ = {isa = PBXFileReference; fileEncoding = 4; lastKnownFileType = sourcecode.c.h; path = RVBgameData.h; sourceTree = "<group>"; };
		D025B715191AA658009B7EA1 /* RVBgameData.m */ = {isa = PBXFileReference; fileEncoding = 4; lastKnownFileType = sourcecode.c.objc; path = RVBgameData.m; sourceTree = "<group>"; };
/* End PBXFileReference section */

/* Begin PBXFrameworksBuildPhase section */
		D025B6D6191AA546009B7EA1 /* Frameworks */ = {
			isa = PBXFrameworksBuildPhase;
			buildActionMask = 2147483647;
			files = (
				D025B6DF191AA546009B7EA1 /* CoreGraphics.framework in Frameworks */,
				D025B6E1191AA546009B7EA1 /* UIKit.framework in Frameworks */,
				D025B6DD191AA546009B7EA1 /* Foundation.framework in Frameworks */,
			);
			runOnlyForDeploymentPostprocessing = 0;
		};
		D025B6F1191AA546009B7EA1 /* Frameworks */ = {
			isa = PBXFrameworksBuildPhase;
			buildActionMask = 2147483647;
			files = (
				D025B6F6191AA546009B7EA1 /* XCTest.framework in Frameworks */,
				D025B6F8191AA546009B7EA1 /* UIKit.framework in Frameworks */,
				D025B6F7191AA546009B7EA1 /* Foundation.framework in Frameworks */,
			);
			runOnlyForDeploymentPostprocessing = 0;
		};
/* End PBXFrameworksBuildPhase section */

/* Begin PBXGroup section */
		D025B6D0191AA546009B7EA1 = {
			isa = PBXGroup;
			children = (
				D025B70B191AA57E009B7EA1 /* RVBRootVController.h */,
				D025B70C191AA57E009B7EA1 /* RVBRootVController.m */,
				D025B70E191AA59F009B7EA1 /* RVBRedVController.h */,
				D025B70F191AA59F009B7EA1 /* RVBRedVController.m */,
				D025B711191AA5AB009B7EA1 /* RVBBlueVController.h */,
				D025B712191AA5AB009B7EA1 /* RVBBlueVController.m */,
				D025B6E2191AA546009B7EA1 /* redBlue */,
				D025B6FB191AA546009B7EA1 /* redBlueTests */,
				D025B6DB191AA546009B7EA1 /* Frameworks */,
				D025B6DA191AA546009B7EA1 /* Products */,
			);
			sourceTree = "<group>";
		};
		D025B6DA191AA546009B7EA1 /* Products */ = {
			isa = PBXGroup;
			children = (
				D025B6D9191AA546009B7EA1 /* redBlue.app */,
				D025B6F4191AA546009B7EA1 /* redBlueTests.xctest */,
			);
			name = Products;
			sourceTree = "<group>";
		};
		D025B6DB191AA546009B7EA1 /* Frameworks */ = {
			isa = PBXGroup;
			children = (
				D025B6DC191AA546009B7EA1 /* Foundation.framework */,
				D025B6DE191AA546009B7EA1 /* CoreGraphics.framework */,
				D025B6E0191AA546009B7EA1 /* UIKit.framework */,
				D025B6F5191AA546009B7EA1 /* XCTest.framework */,
			);
			name = Frameworks;
			sourceTree = "<group>";
		};
		D025B6E2191AA546009B7EA1 /* redBlue */ = {
			isa = PBXGroup;
			children = (
				D025B6EB191AA546009B7EA1 /* RVBAppDelegate.h */,
				D025B6EC191AA546009B7EA1 /* RVBAppDelegate.m */,
				D025B714191AA658009B7EA1 /* RVBgameData.h */,
				D025B715191AA658009B7EA1 /* RVBgameData.m */,
				D025B6EE191AA546009B7EA1 /* Images.xcassets */,
				D025B6E3191AA546009B7EA1 /* Supporting Files */,
			);
			path = redBlue;
			sourceTree = "<group>";
		};
		D025B6E3191AA546009B7EA1 /* Supporting Files */ = {
			isa = PBXGroup;
			children = (
				D025B6E4191AA546009B7EA1 /* redBlue-Info.plist */,
				D025B6E5191AA546009B7EA1 /* InfoPlist.strings */,
				D025B6E8191AA546009B7EA1 /* main.m */,
				D025B6EA191AA546009B7EA1 /* redBlue-Prefix.pch */,
			);
			name = "Supporting Files";
			sourceTree = "<group>";
		};
		D025B6FB191AA546009B7EA1 /* redBlueTests */ = {
			isa = PBXGroup;
			children = (
				D025B701191AA546009B7EA1 /* redBlueTests.m */,
				D025B6FC191AA546009B7EA1 /* Supporting Files */,
			);
			path = redBlueTests;
			sourceTree = "<group>";
		};
		D025B6FC191AA546009B7EA1 /* Supporting Files */ = {
			isa = PBXGroup;
			children = (
				D025B6FD191AA546009B7EA1 /* redBlueTests-Info.plist */,
				D025B6FE191AA546009B7EA1 /* InfoPlist.strings */,
			);
			name = "Supporting Files";
			sourceTree = "<group>";
		};
/* End PBXGroup section */

/* Begin PBXNativeTarget section */
		D025B6D8191AA546009B7EA1 /* redBlue */ = {
			isa = PBXNativeTarget;
			buildConfigurationList = D025B705191AA546009B7EA1 /* Build configuration list for PBXNativeTarget "redBlue" */;
			buildPhases = (
				D025B6D5191AA546009B7EA1 /* Sources */,
				D025B6D6191AA546009B7EA1 /* Frameworks */,
				D025B6D7191AA546009B7EA1 /* Resources */,
			);
			buildRules = (
			);
			dependencies = (
			);
			name = redBlue;
			productName = redBlue;
			productReference = D025B6D9191AA546009B7EA1 /* redBlue.app */;
			productType = "com.apple.product-type.application";
		};
		D025B6F3191AA546009B7EA1 /* redBlueTests */ = {
			isa = PBXNativeTarget;
			buildConfigurationList = D025B708191AA546009B7EA1 /* Build configuration list for PBXNativeTarget "redBlueTests" */;
			buildPhases = (
				D025B6F0191AA546009B7EA1 /* Sources */,
				D025B6F1191AA546009B7EA1 /* Frameworks */,
				D025B6F2191AA546009B7EA1 /* Resources */,
			);
			buildRules = (
			);
			dependencies = (
				D025B6FA191AA546009B7EA1 /* PBXTargetDependency */,
			);
			name = redBlueTests;
			productName = redBlueTests;
			productReference = D025B6F4191AA546009B7EA1 /* redBlueTests.xctest */;
			productType = "com.apple.product-type.bundle.unit-test";
		};
/* End PBXNativeTarget section */

/* Begin PBXProject section */
		D025B6D1191AA546009B7EA1 /* Project object */ = {
			isa = PBXProject;
			attributes = {
				CLASSPREFIX = RVB;
				LastUpgradeCheck = 0510;
				ORGANIZATIONNAME = "John Yam";
				TargetAttributes = {
					D025B6F3191AA546009B7EA1 = {
						TestTargetID = D025B6D8191AA546009B7EA1;
					};
				};
			};
			buildConfigurationList = D025B6D4191AA546009B7EA1 /* Build configuration list for PBXProject "redBlue" */;
			compatibilityVersion = "Xcode 3.2";
			developmentRegion = English;
			hasScannedForEncodings = 0;
			knownRegions = (
				en,
			);
			mainGroup = D025B6D0191AA546009B7EA1;
			productRefGroup = D025B6DA191AA546009B7EA1 /* Products */;
			projectDirPath = "";
			projectRoot = "";
			targets = (
				D025B6D8191AA546009B7EA1 /* redBlue */,
				D025B6F3191AA546009B7EA1 /* redBlueTests */,
			);
		};
/* End PBXProject section */

/* Begin PBXResourcesBuildPhase section */
		D025B6D7191AA546009B7EA1 /* Resources */ = {
			isa = PBXResourcesBuildPhase;
			buildActionMask = 2147483647;
			files = (
				D025B6E7191AA546009B7EA1 /* InfoPlist.strings in Resources */,
				D025B6EF191AA546009B7EA1 /* Images.xcassets in Resources */,
			);
			runOnlyForDeploymentPostprocessing = 0;
		};
		D025B6F2191AA546009B7EA1 /* Resources */ = {
			isa = PBXResourcesBuildPhase;
			buildActionMask = 2147483647;
			files = (
				D025B700191AA546009B7EA1 /* InfoPlist.strings in Resources */,
			);
			runOnlyForDeploymentPostprocessing = 0;
		};
/* End PBXResourcesBuildPhase section */

/* Begin PBXSourcesBuildPhase section */
		D025B6D5191AA546009B7EA1 /* Sources */ = {
			isa = PBXSourcesBuildPhase;
			buildActionMask = 2147483647;
			files = (
				D025B713191AA5AB009B7EA1 /* RVBBlueVController.m in Sources */,
				D025B6E9191AA546009B7EA1 /* main.m in Sources */,
				D025B716191AA658009B7EA1 /* RVBgameData.m in Sources */,
				D025B710191AA59F009B7EA1 /* RVBRedVController.m in Sources */,
				D025B70D191AA57E009B7EA1 /* RVBRootVController.m in Sources */,
				D025B6ED191AA546009B7EA1 /* RVBAppDelegate.m in Sources */,
			);
			runOnlyForDeploymentPostprocessing = 0;
		};
		D025B6F0191AA546009B7EA1 /* Sources */ = {
			isa = PBXSourcesBuildPhase;
			buildActionMask = 2147483647;
			files = (
				D025B702191AA546009B7EA1 /* redBlueTests.m in Sources */,
			);
			runOnlyForDeploymentPostprocessing = 0;
		};
/* End PBXSourcesBuildPhase section */

/* Begin PBXTargetDependency section */
		D025B6FA191AA546009B7EA1 /* PBXTargetDependency */ = {
			isa = PBXTargetDependency;
			target = D025B6D8191AA546009B7EA1 /* redBlue */;
			targetProxy = D025B6F9191AA546009B7EA1 /* PBXContainerItemProxy */;
		};
/* End PBXTargetDependency section */

/* Begin PBXVariantGroup section */
		D025B6E5191AA546009B7EA1 /* InfoPlist.strings */ = {
			isa = PBXVariantGroup;
			children = (
				D025B6E6191AA546009B7EA1 /* en */,
			);
			name = InfoPlist.strings;
			sourceTree = "<group>";
		};
		D025B6FE191AA546009B7EA1 /* InfoPlist.strings */ = {
			isa = PBXVariantGroup;
			children = (
				D025B6FF191AA546009B7EA1 /* en */,
			);
			name = InfoPlist.strings;
			sourceTree = "<group>";
		};
/* End PBXVariantGroup section */

/* Begin XCBuildConfiguration section */
		D025B703191AA546009B7EA1 /* Debug */ = {
			isa = XCBuildConfiguration;
			buildSettings = {
				ALWAYS_SEARCH_USER_PATHS = NO;
				CLANG_CXX_LANGUAGE_STANDARD = "gnu++0x";
				CLANG_CXX_LIBRARY = "libc++";
				CLANG_ENABLE_MODULES = YES;
				CLANG_ENABLE_OBJC_ARC = YES;
				CLANG_WARN_BOOL_CONVERSION = YES;
				CLANG_WARN_CONSTANT_CONVERSION = YES;
				CLANG_WARN_DIRECT_OBJC_ISA_USAGE = YES_ERROR;
				CLANG_WARN_EMPTY_BODY = YES;
				CLANG_WARN_ENUM_CONVERSION = YES;
				CLANG_WARN_INT_CONVERSION = YES;
				CLANG_WARN_OBJC_ROOT_CLASS = YES_ERROR;
				CLANG_WARN__DUPLICATE_METHOD_MATCH = YES;
				"CODE_SIGN_IDENTITY[sdk=iphoneos*]" = "iPhone Developer";
				COPY_PHASE_STRIP = NO;
				GCC_C_LANGUAGE_STANDARD = gnu99;
				GCC_DYNAMIC_NO_PIC = NO;
				GCC_OPTIMIZATION_LEVEL = 0;
				GCC_PREPROCESSOR_DEFINITIONS = (
					"DEBUG=1",
					"$(inherited)",
				);
				GCC_SYMBOLS_PRIVATE_EXTERN = NO;
				GCC_WARN_64_TO_32_BIT_CONVERSION = YES;
				GCC_WARN_ABOUT_RETURN_TYPE = YES_ERROR;
				GCC_WARN_UNDECLARED_SELECTOR = YES;
				GCC_WARN_UNINITIALIZED_AUTOS = YES_AGGRESSIVE;
				GCC_WARN_UNUSED_FUNCTION = YES;
				GCC_WARN_UNUSED_VARIABLE = YES;
				IPHONEOS_DEPLOYMENT_TARGET = 7.1;
				ONLY_ACTIVE_ARCH = YES;
				SDKROOT = iphoneos;
			};
			name = Debug;
		};
		D025B704191AA546009B7EA1 /* Release */ = {
			isa = XCBuildConfiguration;
			buildSettings = {
				ALWAYS_SEARCH_USER_PATHS = NO;
				CLANG_CXX_LANGUAGE_STANDARD = "gnu++0x";
				CLANG_CXX_LIBRARY = "libc++";
				CLANG_ENABLE_MODULES = YES;
				CLANG_ENABLE_OBJC_ARC = YES;
				CLANG_WARN_BOOL_CONVERSION = YES;
				CLANG_WARN_CONSTANT_CONVERSION = YES;
				CLANG_WARN_DIRECT_OBJC_ISA_USAGE = YES_ERROR;
				CLANG_WARN_EMPTY_BODY = YES;
				CLANG_WARN_ENUM_CONVERSION = YES;
				CLANG_WARN_INT_CONVERSION = YES;
				CLANG_WARN_OBJC_ROOT_CLASS = YES_ERROR;
				CLANG_WARN__DUPLICATE_METHOD_MATCH = YES;
				"CODE_SIGN_IDENTITY[sdk=iphoneos*]" = "iPhone Developer";
				COPY_PHASE_STRIP = YES;
				ENABLE_NS_ASSERTIONS = NO;
				GCC_C_LANGUAGE_STANDARD = gnu99;
				GCC_WARN_64_TO_32_BIT_CONVERSION = YES;
				GCC_WARN_ABOUT_RETURN_TYPE = YES_ERROR;
				GCC_WARN_UNDECLARED_SELECTOR = YES;
				GCC_WARN_UNINITIALIZED_AUTOS = YES_AGGRESSIVE;
				GCC_WARN_UNUSED_FUNCTION = YES;
				GCC_WARN_UNUSED_VARIABLE = YES;
				IPHONEOS_DEPLOYMENT_TARGET = 7.1;
				SDKROOT = iphoneos;
				VALIDATE_PRODUCT = YES;
			};
			name = Release;
		};
		D025B706191AA546009B7EA1 /* Debug */ = {
			isa = XCBuildConfiguration;
			buildSettings = {
				ASSETCATALOG_COMPILER_APPICON_NAME = AppIcon;
				ASSETCATALOG_COMPILER_LAUNCHIMAGE_NAME = LaunchImage;
				GCC_PRECOMPILE_PREFIX_HEADER = YES;
				GCC_PREFIX_HEADER = "redBlue/redBlue-Prefix.pch";
				INFOPLIST_FILE = "redBlue/redBlue-Info.plist";
				PRODUCT_NAME = "$(TARGET_NAME)";
				WRAPPER_EXTENSION = app;
			};
			name = Debug;
		};
		D025B707191AA546009B7EA1 /* Release */ = {
			isa = XCBuildConfiguration;
			buildSettings = {
				ASSETCATALOG_COMPILER_APPICON_NAME = AppIcon;
				ASSETCATALOG_COMPILER_LAUNCHIMAGE_NAME = LaunchImage;
				GCC_PRECOMPILE_PREFIX_HEADER = YES;
				GCC_PREFIX_HEADER = "redBlue/redBlue-Prefix.pch";
				INFOPLIST_FILE = "redBlue/redBlue-Info.plist";
				PRODUCT_NAME = "$(TARGET_NAME)";
				WRAPPER_EXTENSION = app;
			};
			name = Release;
		};
		D025B709191AA546009B7EA1 /* Debug */ = {
			isa = XCBuildConfiguration;
			buildSettings = {
				BUNDLE_LOADER = "$(BUILT_PRODUCTS_DIR)/redBlue.app/redBlue";
				FRAMEWORK_SEARCH_PATHS = (
					"$(SDKROOT)/Developer/Library/Frameworks",
					"$(inherited)",
					"$(DEVELOPER_FRAMEWORKS_DIR)",
				);
				GCC_PRECOMPILE_PREFIX_HEADER = YES;
				GCC_PREFIX_HEADER = "redBlue/redBlue-Prefix.pch";
				GCC_PREPROCESSOR_DEFINITIONS = (
					"DEBUG=1",
					"$(inherited)",
				);
				INFOPLIST_FILE = "redBlueTests/redBlueTests-Info.plist";
				PRODUCT_NAME = "$(TARGET_NAME)";
				TEST_HOST = "$(BUNDLE_LOADER)";
				WRAPPER_EXTENSION = xctest;
			};
			name = Debug;
		};
		D025B70A191AA546009B7EA1 /* Release */ = {
			isa = XCBuildConfiguration;
			buildSettings = {
				BUNDLE_LOADER = "$(BUILT_PRODUCTS_DIR)/redBlue.app/redBlue";
				FRAMEWORK_SEARCH_PATHS = (
					"$(SDKROOT)/Developer/Library/Frameworks",
					"$(inherited)",
					"$(DEVELOPER_FRAMEWORKS_DIR)",
				);
				GCC_PRECOMPILE_PREFIX_HEADER = YES;
				GCC_PREFIX_HEADER = "redBlue/redBlue-Prefix.pch";
				INFOPLIST_FILE = "redBlueTests/redBlueTests-Info.plist";
				PRODUCT_NAME = "$(TARGET_NAME)";
				TEST_HOST = "$(BUNDLE_LOADER)";
				WRAPPER_EXTENSION = xctest;
			};
			name = Release;
		};
/* End XCBuildConfiguration section */

/* Begin XCConfigurationList section */
		D025B6D4191AA546009B7EA1 /* Build configuration list for PBXProject "redBlue" */ = {
			isa = XCConfigurationList;
			buildConfigurations = (
				D025B703191AA546009B7EA1 /* Debug */,
				D025B704191AA546009B7EA1 /* Release */,
			);
			defaultConfigurationIsVisible = 0;
			defaultConfigurationName = Release;
		};
		D025B705191AA546009B7EA1 /* Build configuration list for PBXNativeTarget "redBlue" */ = {
			isa = XCConfigurationList;
			buildConfigurations = (
				D025B706191AA546009B7EA1 /* Debug */,
				D025B707191AA546009B7EA1 /* Release */,
			);
			defaultConfigurationIsVisible = 0;
		};
		D025B708191AA546009B7EA1 /* Build configuration list for PBXNativeTarget "redBlueTests" */ = {
			isa = XCConfigurationList;
			buildConfigurations = (
				D025B709191AA546009B7EA1 /* Debug */,
				D025B70A191AA546009B7EA1 /* Release */,
			);
			defaultConfigurationIsVisible = 0;
		};
/* End XCConfigurationList section */
	};
	rootObject = D025B6D1191AA546009B7EA1 /* Project object */;
}
