// !$*UTF8*$!
{
	archiveVersion = 1;
	classes = {
	};
	objectVersion = 46;
	objects = {

/* Begin PBXBuildFile section */
		D0517CC71917C6FD00D54A79 /* Foundation.framework in Frameworks */ = {isa = PBXBuildFile; fileRef = D0517CC61917C6FD00D54A79 /* Foundation.framework */; };
		D0517CC91917C6FD00D54A79 /* CoreGraphics.framework in Frameworks */ = {isa = PBXBuildFile; fileRef = D0517CC81917C6FD00D54A79 /* CoreGraphics.framework */; };
		D0517CCB1917C6FD00D54A79 /* UIKit.framework in Frameworks */ = {isa = PBXBuildFile; fileRef = D0517CCA1917C6FD00D54A79 /* UIKit.framework */; };
		D0517CD11917C6FD00D54A79 /* InfoPlist.strings in Resources */ = {isa = PBXBuildFile; fileRef = D0517CCF1917C6FD00D54A79 /* InfoPlist.strings */; };
		D0517CD31917C6FD00D54A79 /* main.m in Sources */ = {isa = PBXBuildFile; fileRef = D0517CD21917C6FD00D54A79 /* main.m */; };
		D0517CD71917C6FD00D54A79 /* PNAAppDelegate.m in Sources */ = {isa = PBXBuildFile; fileRef = D0517CD61917C6FD00D54A79 /* PNAAppDelegate.m */; };
		D0517CD91917C6FD00D54A79 /* Images.xcassets in Resources */ = {isa = PBXBuildFile; fileRef = D0517CD81917C6FD00D54A79 /* Images.xcassets */; };
		D0517CE01917C6FD00D54A79 /* XCTest.framework in Frameworks */ = {isa = PBXBuildFile; fileRef = D0517CDF1917C6FD00D54A79 /* XCTest.framework */; };
		D0517CE11917C6FD00D54A79 /* Foundation.framework in Frameworks */ = {isa = PBXBuildFile; fileRef = D0517CC61917C6FD00D54A79 /* Foundation.framework */; };
		D0517CE21917C6FD00D54A79 /* UIKit.framework in Frameworks */ = {isa = PBXBuildFile; fileRef = D0517CCA1917C6FD00D54A79 /* UIKit.framework */; };
		D0517CEA1917C6FD00D54A79 /* InfoPlist.strings in Resources */ = {isa = PBXBuildFile; fileRef = D0517CE81917C6FD00D54A79 /* InfoPlist.strings */; };
		D0517CEC1917C6FD00D54A79 /* pixelNoiseTests.m in Sources */ = {isa = PBXBuildFile; fileRef = D0517CEB1917C6FD00D54A79 /* pixelNoiseTests.m */; };
		D0517CFA1917C8D200D54A79 /* PNAPixelSounds.m in Sources */ = {isa = PBXBuildFile; fileRef = D0517CF91917C8D200D54A79 /* PNAPixelSounds.m */; };
		D0517CFD1917C91400D54A79 /* PNAViewController.m in Sources */ = {isa = PBXBuildFile; fileRef = D0517CFC1917C91400D54A79 /* PNAViewController.m */; };
		D0517D041917CD5000D54A79 /* click_alert.wav in Resources */ = {isa = PBXBuildFile; fileRef = D0517CFF1917CD5000D54A79 /* click_alert.wav */; };
		D0517D051917CD5000D54A79 /* echo_alert.wav in Resources */ = {isa = PBXBuildFile; fileRef = D0517D001917CD5000D54A79 /* echo_alert.wav */; };
		D0517D061917CD5000D54A79 /* electric_alert.wav in Resources */ = {isa = PBXBuildFile; fileRef = D0517D011917CD5000D54A79 /* electric_alert.wav */; };
		D0517D071917CD5000D54A79 /* flick_alert.wav in Resources */ = {isa = PBXBuildFile; fileRef = D0517D021917CD5000D54A79 /* flick_alert.wav */; };
		D0517D081917CD5000D54A79 /* triangle_alert.wav in Resources */ = {isa = PBXBuildFile; fileRef = D0517D031917CD5000D54A79 /* triangle_alert.wav */; };
		D0517D121917F10C00D54A79 /* PNAWorldVController.m in Sources */ = {isa = PBXBuildFile; fileRef = D0517D111917F10C00D54A79 /* PNAWorldVController.m */; };
		D0517D151919155200D54A79 /* PNAPixelWorld2.m in Sources */ = {isa = PBXBuildFile; fileRef = D0517D141919155200D54A79 /* PNAPixelWorld2.m */; };
/* End PBXBuildFile section */

/* Begin PBXContainerItemProxy section */
		D0517CE31917C6FD00D54A79 /* PBXContainerItemProxy */ = {
			isa = PBXContainerItemProxy;
			containerPortal = D0517CBB1917C6FD00D54A79 /* Project object */;
			proxyType = 1;
			remoteGlobalIDString = D0517CC21917C6FD00D54A79;
			remoteInfo = pixelNoise;
		};
/* End PBXContainerItemProxy section */

/* Begin PBXFileReference section */
		D0517CC31917C6FD00D54A79 /* pixelNoise.app */ = {isa = PBXFileReference; explicitFileType = wrapper.application; includeInIndex = 0; path = pixelNoise.app; sourceTree = BUILT_PRODUCTS_DIR; };
		D0517CC61917C6FD00D54A79 /* Foundation.framework */ = {isa = PBXFileReference; lastKnownFileType = wrapper.framework; name = Foundation.framework; path = System/Library/Frameworks/Foundation.framework; sourceTree = SDKROOT; };
		D0517CC81917C6FD00D54A79 /* CoreGraphics.framework */ = {isa = PBXFileReference; lastKnownFileType = wrapper.framework; name = CoreGraphics.framework; path = System/Library/Frameworks/CoreGraphics.framework; sourceTree = SDKROOT; };
		D0517CCA1917C6FD00D54A79 /* UIKit.framework */ = {isa = PBXFileReference; lastKnownFileType = wrapper.framework; name = UIKit.framework; path = System/Library/Frameworks/UIKit.framework; sourceTree = SDKROOT; };
		D0517CCE1917C6FD00D54A79 /* pixelNoise-Info.plist */ = {isa = PBXFileReference; lastKnownFileType = text.plist.xml; path = "pixelNoise-Info.plist"; sourceTree = "<group>"; };
		D0517CD01917C6FD00D54A79 /* en */ = {isa = PBXFileReference; lastKnownFileType = text.plist.strings; name = en; path = en.lproj/InfoPlist.strings; sourceTree = "<group>"; };
		D0517CD21917C6FD00D54A79 /* main.m */ = {isa = PBXFileReference; lastKnownFileType = sourcecode.c.objc; path = main.m; sourceTree = "<group>"; };
		D0517CD41917C6FD00D54A79 /* pixelNoise-Prefix.pch */ = {isa = PBXFileReference; lastKnownFileType = sourcecode.c.h; path = "pixelNoise-Prefix.pch"; sourceTree = "<group>"; };
		D0517CD51917C6FD00D54A79 /* PNAAppDelegate.h */ = {isa = PBXFileReference; lastKnownFileType = sourcecode.c.h; path = PNAAppDelegate.h; sourceTree = "<group>"; };
		D0517CD61917C6FD00D54A79 /* PNAAppDelegate.m */ = {isa = PBXFileReference; lastKnownFileType = sourcecode.c.objc; path = PNAAppDelegate.m; sourceTree = "<group>"; };
		D0517CD81917C6FD00D54A79 /* Images.xcassets */ = {isa = PBXFileReference; lastKnownFileType = folder.assetcatalog; path = Images.xcassets; sourceTree = "<group>"; };
		D0517CDE1917C6FD00D54A79 /* pixelNoiseTests.xctest */ = {isa = PBXFileReference; explicitFileType = wrapper.cfbundle; includeInIndex = 0; path = pixelNoiseTests.xctest; sourceTree = BUILT_PRODUCTS_DIR; };
		D0517CDF1917C6FD00D54A79 /* XCTest.framework */ = {isa = PBXFileReference; lastKnownFileType = wrapper.framework; name = XCTest.framework; path = Library/Frameworks/XCTest.framework; sourceTree = DEVELOPER_DIR; };
		D0517CE71917C6FD00D54A79 /* pixelNoiseTests-Info.plist */ = {isa = PBXFileReference; lastKnownFileType = text.plist.xml; path = "pixelNoiseTests-Info.plist"; sourceTree = "<group>"; };
		D0517CE91917C6FD00D54A79 /* en */ = {isa = PBXFileReference; lastKnownFileType = text.plist.strings; name = en; path = en.lproj/InfoPlist.strings; sourceTree = "<group>"; };
		D0517CEB1917C6FD00D54A79 /* pixelNoiseTests.m */ = {isa = PBXFileReference; lastKnownFileType = sourcecode.c.objc; path = pixelNoiseTests.m; sourceTree = "<group>"; };
		D0517CF81917C8D200D54A79 /* PNAPixelSounds.h */ = {isa = PBXFileReference; fileEncoding = 4; lastKnownFileType = sourcecode.c.h; path = PNAPixelSounds.h; sourceTree = "<group>"; };
		D0517CF91917C8D200D54A79 /* PNAPixelSounds.m */ = {isa = PBXFileReference; fileEncoding = 4; lastKnownFileType = sourcecode.c.objc; path = PNAPixelSounds.m; sourceTree = "<group>"; };
		D0517CFB1917C91400D54A79 /* PNAViewController.h */ = {isa = PBXFileReference; fileEncoding = 4; lastKnownFileType = sourcecode.c.h; path = PNAViewController.h; sourceTree = "<group>"; };
		D0517CFC1917C91400D54A79 /* PNAViewController.m */ = {isa = PBXFileReference; fileEncoding = 4; lastKnownFileType = sourcecode.c.objc; path = PNAViewController.m; sourceTree = "<group>"; };
		D0517CFF1917CD5000D54A79 /* click_alert.wav */ = {isa = PBXFileReference; lastKnownFileType = audio.wav; name = click_alert.wav; path = ../../../../Desktop/Sounds/narfstuff_ui_sounds/buttons/on_alert/click_alert.wav; sourceTree = "<group>"; };
		D0517D001917CD5000D54A79 /* echo_alert.wav */ = {isa = PBXFileReference; lastKnownFileType = audio.wav; name = echo_alert.wav; path = ../../../../Desktop/Sounds/narfstuff_ui_sounds/buttons/on_alert/echo_alert.wav; sourceTree = "<group>"; };
		D0517D011917CD5000D54A79 /* electric_alert.wav */ = {isa = PBXFileReference; lastKnownFileType = audio.wav; name = electric_alert.wav; path = ../../../../Desktop/Sounds/narfstuff_ui_sounds/buttons/on_alert/electric_alert.wav; sourceTree = "<group>"; };
		D0517D021917CD5000D54A79 /* flick_alert.wav */ = {isa = PBXFileReference; lastKnownFileType = audio.wav; name = flick_alert.wav; path = ../../../../Desktop/Sounds/narfstuff_ui_sounds/buttons/on_alert/flick_alert.wav; sourceTree = "<group>"; };
		D0517D031917CD5000D54A79 /* triangle_alert.wav */ = {isa = PBXFileReference; lastKnownFileType = audio.wav; name = triangle_alert.wav; path = ../../../../Desktop/Sounds/narfstuff_ui_sounds/buttons/on_alert/triangle_alert.wav; sourceTree = "<group>"; };
		D0517D101917F10C00D54A79 /* PNAWorldVController.h */ = {isa = PBXFileReference; fileEncoding = 4; lastKnownFileType = sourcecode.c.h; path = PNAWorldVController.h; sourceTree = "<group>"; };
		D0517D111917F10C00D54A79 /* PNAWorldVController.m */ = {isa = PBXFileReference; fileEncoding = 4; lastKnownFileType = sourcecode.c.objc; path = PNAWorldVController.m; sourceTree = "<group>"; };
		D0517D131919155200D54A79 /* PNAPixelWorld2.h */ = {isa = PBXFileReference; fileEncoding = 4; lastKnownFileType = sourcecode.c.h; path = PNAPixelWorld2.h; sourceTree = "<group>"; };
		D0517D141919155200D54A79 /* PNAPixelWorld2.m */ = {isa = PBXFileReference; fileEncoding = 4; lastKnownFileType = sourcecode.c.objc; path = PNAPixelWorld2.m; sourceTree = "<group>"; };
/* End PBXFileReference section */

/* Begin PBXFrameworksBuildPhase section */
		D0517CC01917C6FD00D54A79 /* Frameworks */ = {
			isa = PBXFrameworksBuildPhase;
			buildActionMask = 2147483647;
			files = (
				D0517CC91917C6FD00D54A79 /* CoreGraphics.framework in Frameworks */,
				D0517CCB1917C6FD00D54A79 /* UIKit.framework in Frameworks */,
				D0517CC71917C6FD00D54A79 /* Foundation.framework in Frameworks */,
			);
			runOnlyForDeploymentPostprocessing = 0;
		};
		D0517CDB1917C6FD00D54A79 /* Frameworks */ = {
			isa = PBXFrameworksBuildPhase;
			buildActionMask = 2147483647;
			files = (
				D0517CE01917C6FD00D54A79 /* XCTest.framework in Frameworks */,
				D0517CE21917C6FD00D54A79 /* UIKit.framework in Frameworks */,
				D0517CE11917C6FD00D54A79 /* Foundation.framework in Frameworks */,
			);
			runOnlyForDeploymentPostprocessing = 0;
		};
/* End PBXFrameworksBuildPhase section */

/* Begin PBXGroup section */
		D0517CBA1917C6FD00D54A79 = {
			isa = PBXGroup;
			children = (
				D0517CFE1917CD2000D54A79 /* sounds */,
				D0517CCC1917C6FD00D54A79 /* pixelNoise */,
				D0517CE51917C6FD00D54A79 /* pixelNoiseTests */,
				D0517CC51917C6FD00D54A79 /* Frameworks */,
				D0517CC41917C6FD00D54A79 /* Products */,
			);
			sourceTree = "<group>";
		};
		D0517CC41917C6FD00D54A79 /* Products */ = {
			isa = PBXGroup;
			children = (
				D0517CC31917C6FD00D54A79 /* pixelNoise.app */,
				D0517CDE1917C6FD00D54A79 /* pixelNoiseTests.xctest */,
			);
			name = Products;
			sourceTree = "<group>";
		};
		D0517CC51917C6FD00D54A79 /* Frameworks */ = {
			isa = PBXGroup;
			children = (
				D0517CC61917C6FD00D54A79 /* Foundation.framework */,
				D0517CC81917C6FD00D54A79 /* CoreGraphics.framework */,
				D0517CCA1917C6FD00D54A79 /* UIKit.framework */,
				D0517CDF1917C6FD00D54A79 /* XCTest.framework */,
			);
			name = Frameworks;
			sourceTree = "<group>";
		};
		D0517CCC1917C6FD00D54A79 /* pixelNoise */ = {
			isa = PBXGroup;
			children = (
				D0517CD51917C6FD00D54A79 /* PNAAppDelegate.h */,
				D0517CD61917C6FD00D54A79 /* PNAAppDelegate.m */,
				D0517CF81917C8D200D54A79 /* PNAPixelSounds.h */,
				D0517CF91917C8D200D54A79 /* PNAPixelSounds.m */,
				D0517CFB1917C91400D54A79 /* PNAViewController.h */,
				D0517CFC1917C91400D54A79 /* PNAViewController.m */,
				D0517D101917F10C00D54A79 /* PNAWorldVController.h */,
				D0517D111917F10C00D54A79 /* PNAWorldVController.m */,
				D0517D131919155200D54A79 /* PNAPixelWorld2.h */,
				D0517D141919155200D54A79 /* PNAPixelWorld2.m */,
				D0517CD81917C6FD00D54A79 /* Images.xcassets */,
				D0517CCD1917C6FD00D54A79 /* Supporting Files */,
			);
			path = pixelNoise;
			sourceTree = "<group>";
		};
		D0517CCD1917C6FD00D54A79 /* Supporting Files */ = {
			isa = PBXGroup;
			children = (
				D0517CCE1917C6FD00D54A79 /* pixelNoise-Info.plist */,
				D0517CCF1917C6FD00D54A79 /* InfoPlist.strings */,
				D0517CD21917C6FD00D54A79 /* main.m */,
				D0517CD41917C6FD00D54A79 /* pixelNoise-Prefix.pch */,
			);
			name = "Supporting Files";
			sourceTree = "<group>";
		};
		D0517CE51917C6FD00D54A79 /* pixelNoiseTests */ = {
			isa = PBXGroup;
			children = (
				D0517CEB1917C6FD00D54A79 /* pixelNoiseTests.m */,
				D0517CE61917C6FD00D54A79 /* Supporting Files */,
			);
			path = pixelNoiseTests;
			sourceTree = "<group>";
		};
		D0517CE61917C6FD00D54A79 /* Supporting Files */ = {
			isa = PBXGroup;
			children = (
				D0517CE71917C6FD00D54A79 /* pixelNoiseTests-Info.plist */,
				D0517CE81917C6FD00D54A79 /* InfoPlist.strings */,
			);
			name = "Supporting Files";
			sourceTree = "<group>";
		};
		D0517CFE1917CD2000D54A79 /* sounds */ = {
			isa = PBXGroup;
			children = (
				D0517CFF1917CD5000D54A79 /* click_alert.wav */,
				D0517D001917CD5000D54A79 /* echo_alert.wav */,
				D0517D011917CD5000D54A79 /* electric_alert.wav */,
				D0517D021917CD5000D54A79 /* flick_alert.wav */,
				D0517D031917CD5000D54A79 /* triangle_alert.wav */,
			);
			name = sounds;
			sourceTree = "<group>";
		};
/* End PBXGroup section */

/* Begin PBXNativeTarget section */
		D0517CC21917C6FD00D54A79 /* pixelNoise */ = {
			isa = PBXNativeTarget;
			buildConfigurationList = D0517CEF1917C6FD00D54A79 /* Build configuration list for PBXNativeTarget "pixelNoise" */;
			buildPhases = (
				D0517CBF1917C6FD00D54A79 /* Sources */,
				D0517CC01917C6FD00D54A79 /* Frameworks */,
				D0517CC11917C6FD00D54A79 /* Resources */,
			);
			buildRules = (
			);
			dependencies = (
			);
			name = pixelNoise;
			productName = pixelNoise;
			productReference = D0517CC31917C6FD00D54A79 /* pixelNoise.app */;
			productType = "com.apple.product-type.application";
		};
		D0517CDD1917C6FD00D54A79 /* pixelNoiseTests */ = {
			isa = PBXNativeTarget;
			buildConfigurationList = D0517CF21917C6FD00D54A79 /* Build configuration list for PBXNativeTarget "pixelNoiseTests" */;
			buildPhases = (
				D0517CDA1917C6FD00D54A79 /* Sources */,
				D0517CDB1917C6FD00D54A79 /* Frameworks */,
				D0517CDC1917C6FD00D54A79 /* Resources */,
			);
			buildRules = (
			);
			dependencies = (
				D0517CE41917C6FD00D54A79 /* PBXTargetDependency */,
			);
			name = pixelNoiseTests;
			productName = pixelNoiseTests;
			productReference = D0517CDE1917C6FD00D54A79 /* pixelNoiseTests.xctest */;
			productType = "com.apple.product-type.bundle.unit-test";
		};
/* End PBXNativeTarget section */

/* Begin PBXProject section */
		D0517CBB1917C6FD00D54A79 /* Project object */ = {
			isa = PBXProject;
			attributes = {
				CLASSPREFIX = PNA;
				LastUpgradeCheck = 0510;
				ORGANIZATIONNAME = "John Yam";
				TargetAttributes = {
					D0517CDD1917C6FD00D54A79 = {
						TestTargetID = D0517CC21917C6FD00D54A79;
					};
				};
			};
			buildConfigurationList = D0517CBE1917C6FD00D54A79 /* Build configuration list for PBXProject "pixelNoise" */;
			compatibilityVersion = "Xcode 3.2";
			developmentRegion = English;
			hasScannedForEncodings = 0;
			knownRegions = (
				en,
			);
			mainGroup = D0517CBA1917C6FD00D54A79;
			productRefGroup = D0517CC41917C6FD00D54A79 /* Products */;
			projectDirPath = "";
			projectRoot = "";
			targets = (
				D0517CC21917C6FD00D54A79 /* pixelNoise */,
				D0517CDD1917C6FD00D54A79 /* pixelNoiseTests */,
			);
		};
/* End PBXProject section */

/* Begin PBXResourcesBuildPhase section */
		D0517CC11917C6FD00D54A79 /* Resources */ = {
			isa = PBXResourcesBuildPhase;
			buildActionMask = 2147483647;
			files = (
				D0517D061917CD5000D54A79 /* electric_alert.wav in Resources */,
				D0517D071917CD5000D54A79 /* flick_alert.wav in Resources */,
				D0517D051917CD5000D54A79 /* echo_alert.wav in Resources */,
				D0517D041917CD5000D54A79 /* click_alert.wav in Resources */,
				D0517D081917CD5000D54A79 /* triangle_alert.wav in Resources */,
				D0517CD11917C6FD00D54A79 /* InfoPlist.strings in Resources */,
				D0517CD91917C6FD00D54A79 /* Images.xcassets in Resources */,
			);
			runOnlyForDeploymentPostprocessing = 0;
		};
		D0517CDC1917C6FD00D54A79 /* Resources */ = {
			isa = PBXResourcesBuildPhase;
			buildActionMask = 2147483647;
			files = (
				D0517CEA1917C6FD00D54A79 /* InfoPlist.strings in Resources */,
			);
			runOnlyForDeploymentPostprocessing = 0;
		};
/* End PBXResourcesBuildPhase section */

/* Begin PBXSourcesBuildPhase section */
		D0517CBF1917C6FD00D54A79 /* Sources */ = {
			isa = PBXSourcesBuildPhase;
			buildActionMask = 2147483647;
			files = (
				D0517CFD1917C91400D54A79 /* PNAViewController.m in Sources */,
				D0517CFA1917C8D200D54A79 /* PNAPixelSounds.m in Sources */,
				D0517CD71917C6FD00D54A79 /* PNAAppDelegate.m in Sources */,
				D0517D121917F10C00D54A79 /* PNAWorldVController.m in Sources */,
				D0517D151919155200D54A79 /* PNAPixelWorld2.m in Sources */,
				D0517CD31917C6FD00D54A79 /* main.m in Sources */,
			);
			runOnlyForDeploymentPostprocessing = 0;
		};
		D0517CDA1917C6FD00D54A79 /* Sources */ = {
			isa = PBXSourcesBuildPhase;
			buildActionMask = 2147483647;
			files = (
				D0517CEC1917C6FD00D54A79 /* pixelNoiseTests.m in Sources */,
			);
			runOnlyForDeploymentPostprocessing = 0;
		};
/* End PBXSourcesBuildPhase section */

/* Begin PBXTargetDependency section */
		D0517CE41917C6FD00D54A79 /* PBXTargetDependency */ = {
			isa = PBXTargetDependency;
			target = D0517CC21917C6FD00D54A79 /* pixelNoise */;
			targetProxy = D0517CE31917C6FD00D54A79 /* PBXContainerItemProxy */;
		};
/* End PBXTargetDependency section */

/* Begin PBXVariantGroup section */
		D0517CCF1917C6FD00D54A79 /* InfoPlist.strings */ = {
			isa = PBXVariantGroup;
			children = (
				D0517CD01917C6FD00D54A79 /* en */,
			);
			name = InfoPlist.strings;
			sourceTree = "<group>";
		};
		D0517CE81917C6FD00D54A79 /* InfoPlist.strings */ = {
			isa = PBXVariantGroup;
			children = (
				D0517CE91917C6FD00D54A79 /* en */,
			);
			name = InfoPlist.strings;
			sourceTree = "<group>";
		};
/* End PBXVariantGroup section */

/* Begin XCBuildConfiguration section */
		D0517CED1917C6FD00D54A79 /* Debug */ = {
			isa = XCBuildConfiguration;
			buildSettings = {
				ALWAYS_SEARCH_USER_PATHS = NO;
				CLANG_CXX_LANGUAGE_STANDARD = "gnu++0x";
				CLANG_CXX_LIBRARY = "libc++";
				CLANG_ENABLE_MODULES = YES;
				CLANG_ENABLE_OBJC_ARC = YES;
				CLANG_WARN_BOOL_CONVERSION = YES;
				CLANG_WARN_CONSTANT_CONVERSION = YES;
				CLANG_WARN_DIRECT_OBJC_ISA_USAGE = YES_ERROR;
				CLANG_WARN_EMPTY_BODY = YES;
				CLANG_WARN_ENUM_CONVERSION = YES;
				CLANG_WARN_INT_CONVERSION = YES;
				CLANG_WARN_OBJC_ROOT_CLASS = YES_ERROR;
				CLANG_WARN__DUPLICATE_METHOD_MATCH = YES;
				"CODE_SIGN_IDENTITY[sdk=iphoneos*]" = "iPhone Developer";
				COPY_PHASE_STRIP = NO;
				GCC_C_LANGUAGE_STANDARD = gnu99;
				GCC_DYNAMIC_NO_PIC = NO;
				GCC_OPTIMIZATION_LEVEL = 0;
				GCC_PREPROCESSOR_DEFINITIONS = (
					"DEBUG=1",
					"$(inherited)",
				);
				GCC_SYMBOLS_PRIVATE_EXTERN = NO;
				GCC_WARN_64_TO_32_BIT_CONVERSION = YES;
				GCC_WARN_ABOUT_RETURN_TYPE = YES_ERROR;
				GCC_WARN_UNDECLARED_SELECTOR = YES;
				GCC_WARN_UNINITIALIZED_AUTOS = YES_AGGRESSIVE;
				GCC_WARN_UNUSED_FUNCTION = YES;
				GCC_WARN_UNUSED_VARIABLE = YES;
				IPHONEOS_DEPLOYMENT_TARGET = 7.1;
				ONLY_ACTIVE_ARCH = YES;
				SDKROOT = iphoneos;
			};
			name = Debug;
		};
		D0517CEE1917C6FD00D54A79 /* Release */ = {
			isa = XCBuildConfiguration;
			buildSettings = {
				ALWAYS_SEARCH_USER_PATHS = NO;
				CLANG_CXX_LANGUAGE_STANDARD = "gnu++0x";
				CLANG_CXX_LIBRARY = "libc++";
				CLANG_ENABLE_MODULES = YES;
				CLANG_ENABLE_OBJC_ARC = YES;
				CLANG_WARN_BOOL_CONVERSION = YES;
				CLANG_WARN_CONSTANT_CONVERSION = YES;
				CLANG_WARN_DIRECT_OBJC_ISA_USAGE = YES_ERROR;
				CLANG_WARN_EMPTY_BODY = YES;
				CLANG_WARN_ENUM_CONVERSION = YES;
				CLANG_WARN_INT_CONVERSION = YES;
				CLANG_WARN_OBJC_ROOT_CLASS = YES_ERROR;
				CLANG_WARN__DUPLICATE_METHOD_MATCH = YES;
				"CODE_SIGN_IDENTITY[sdk=iphoneos*]" = "iPhone Developer";
				COPY_PHASE_STRIP = YES;
				ENABLE_NS_ASSERTIONS = NO;
				GCC_C_LANGUAGE_STANDARD = gnu99;
				GCC_WARN_64_TO_32_BIT_CONVERSION = YES;
				GCC_WARN_ABOUT_RETURN_TYPE = YES_ERROR;
				GCC_WARN_UNDECLARED_SELECTOR = YES;
				GCC_WARN_UNINITIALIZED_AUTOS = YES_AGGRESSIVE;
				GCC_WARN_UNUSED_FUNCTION = YES;
				GCC_WARN_UNUSED_VARIABLE = YES;
				IPHONEOS_DEPLOYMENT_TARGET = 7.1;
				SDKROOT = iphoneos;
				VALIDATE_PRODUCT = YES;
			};
			name = Release;
		};
		D0517CF01917C6FD00D54A79 /* Debug */ = {
			isa = XCBuildConfiguration;
			buildSettings = {
				ASSETCATALOG_COMPILER_APPICON_NAME = AppIcon;
				ASSETCATALOG_COMPILER_LAUNCHIMAGE_NAME = LaunchImage;
				GCC_PRECOMPILE_PREFIX_HEADER = YES;
				GCC_PREFIX_HEADER = "pixelNoise/pixelNoise-Prefix.pch";
				INFOPLIST_FILE = "pixelNoise/pixelNoise-Info.plist";
				PRODUCT_NAME = "$(TARGET_NAME)";
				WRAPPER_EXTENSION = app;
			};
			name = Debug;
		};
		D0517CF11917C6FD00D54A79 /* Release */ = {
			isa = XCBuildConfiguration;
			buildSettings = {
				ASSETCATALOG_COMPILER_APPICON_NAME = AppIcon;
				ASSETCATALOG_COMPILER_LAUNCHIMAGE_NAME = LaunchImage;
				GCC_PRECOMPILE_PREFIX_HEADER = YES;
				GCC_PREFIX_HEADER = "pixelNoise/pixelNoise-Prefix.pch";
				INFOPLIST_FILE = "pixelNoise/pixelNoise-Info.plist";
				PRODUCT_NAME = "$(TARGET_NAME)";
				WRAPPER_EXTENSION = app;
			};
			name = Release;
		};
		D0517CF31917C6FD00D54A79 /* Debug */ = {
			isa = XCBuildConfiguration;
			buildSettings = {
				BUNDLE_LOADER = "$(BUILT_PRODUCTS_DIR)/pixelNoise.app/pixelNoise";
				FRAMEWORK_SEARCH_PATHS = (
					"$(SDKROOT)/Developer/Library/Frameworks",
					"$(inherited)",
					"$(DEVELOPER_FRAMEWORKS_DIR)",
				);
				GCC_PRECOMPILE_PREFIX_HEADER = YES;
				GCC_PREFIX_HEADER = "pixelNoise/pixelNoise-Prefix.pch";
				GCC_PREPROCESSOR_DEFINITIONS = (
					"DEBUG=1",
					"$(inherited)",
				);
				INFOPLIST_FILE = "pixelNoiseTests/pixelNoiseTests-Info.plist";
				PRODUCT_NAME = "$(TARGET_NAME)";
				TEST_HOST = "$(BUNDLE_LOADER)";
				WRAPPER_EXTENSION = xctest;
			};
			name = Debug;
		};
		D0517CF41917C6FD00D54A79 /* Release */ = {
			isa = XCBuildConfiguration;
			buildSettings = {
				BUNDLE_LOADER = "$(BUILT_PRODUCTS_DIR)/pixelNoise.app/pixelNoise";
				FRAMEWORK_SEARCH_PATHS = (
					"$(SDKROOT)/Developer/Library/Frameworks",
					"$(inherited)",
					"$(DEVELOPER_FRAMEWORKS_DIR)",
				);
				GCC_PRECOMPILE_PREFIX_HEADER = YES;
				GCC_PREFIX_HEADER = "pixelNoise/pixelNoise-Prefix.pch";
				INFOPLIST_FILE = "pixelNoiseTests/pixelNoiseTests-Info.plist";
				PRODUCT_NAME = "$(TARGET_NAME)";
				TEST_HOST = "$(BUNDLE_LOADER)";
				WRAPPER_EXTENSION = xctest;
			};
			name = Release;
		};
/* End XCBuildConfiguration section */

/* Begin XCConfigurationList section */
		D0517CBE1917C6FD00D54A79 /* Build configuration list for PBXProject "pixelNoise" */ = {
			isa = XCConfigurationList;
			buildConfigurations = (
				D0517CED1917C6FD00D54A79 /* Debug */,
				D0517CEE1917C6FD00D54A79 /* Release */,
			);
			defaultConfigurationIsVisible = 0;
			defaultConfigurationName = Release;
		};
		D0517CEF1917C6FD00D54A79 /* Build configuration list for PBXNativeTarget "pixelNoise" */ = {
			isa = XCConfigurationList;
			buildConfigurations = (
				D0517CF01917C6FD00D54A79 /* Debug */,
				D0517CF11917C6FD00D54A79 /* Release */,
			);
			defaultConfigurationIsVisible = 0;
		};
		D0517CF21917C6FD00D54A79 /* Build configuration list for PBXNativeTarget "pixelNoiseTests" */ = {
			isa = XCConfigurationList;
			buildConfigurations = (
				D0517CF31917C6FD00D54A79 /* Debug */,
				D0517CF41917C6FD00D54A79 /* Release */,
			);
			defaultConfigurationIsVisible = 0;
		};
/* End XCConfigurationList section */
	};
	rootObject = D0517CBB1917C6FD00D54A79 /* Project object */;
}
