// !$*UTF8*$!
{
	archiveVersion = 1;
	classes = {
	};
	objectVersion = 46;
	objects = {

/* Begin PBXBuildFile section */
		D04E541A192CDCB20045D903 /* Foundation.framework in Frameworks */ = {isa = PBXBuildFile; fileRef = D04E5419192CDCB20045D903 /* Foundation.framework */; };
		D04E541C192CDCB20045D903 /* CoreGraphics.framework in Frameworks */ = {isa = PBXBuildFile; fileRef = D04E541B192CDCB20045D903 /* CoreGraphics.framework */; };
		D04E541E192CDCB20045D903 /* UIKit.framework in Frameworks */ = {isa = PBXBuildFile; fileRef = D04E541D192CDCB20045D903 /* UIKit.framework */; };
		D04E5424192CDCB20045D903 /* InfoPlist.strings in Resources */ = {isa = PBXBuildFile; fileRef = D04E5422192CDCB20045D903 /* InfoPlist.strings */; };
		D04E5426192CDCB20045D903 /* main.m in Sources */ = {isa = PBXBuildFile; fileRef = D04E5425192CDCB20045D903 /* main.m */; };
		D04E542A192CDCB20045D903 /* MAPAppDelegate.m in Sources */ = {isa = PBXBuildFile; fileRef = D04E5429192CDCB20045D903 /* MAPAppDelegate.m */; };
		D04E542C192CDCB20045D903 /* Images.xcassets in Resources */ = {isa = PBXBuildFile; fileRef = D04E542B192CDCB20045D903 /* Images.xcassets */; };
		D04E5433192CDCB20045D903 /* XCTest.framework in Frameworks */ = {isa = PBXBuildFile; fileRef = D04E5432192CDCB20045D903 /* XCTest.framework */; };
		D04E5434192CDCB20045D903 /* Foundation.framework in Frameworks */ = {isa = PBXBuildFile; fileRef = D04E5419192CDCB20045D903 /* Foundation.framework */; };
		D04E5435192CDCB20045D903 /* UIKit.framework in Frameworks */ = {isa = PBXBuildFile; fileRef = D04E541D192CDCB20045D903 /* UIKit.framework */; };
		D04E543D192CDCB20045D903 /* InfoPlist.strings in Resources */ = {isa = PBXBuildFile; fileRef = D04E543B192CDCB20045D903 /* InfoPlist.strings */; };
		D04E543F192CDCB20045D903 /* MapsTests.m in Sources */ = {isa = PBXBuildFile; fileRef = D04E543E192CDCB20045D903 /* MapsTests.m */; };
		D04E544A192CDCC40045D903 /* MAPViewController.m in Sources */ = {isa = PBXBuildFile; fileRef = D04E5449192CDCC40045D903 /* MAPViewController.m */; };
		D04E544C192CDD2E0045D903 /* MapKit.framework in Frameworks */ = {isa = PBXBuildFile; fileRef = D04E544B192CDD2E0045D903 /* MapKit.framework */; };
		D04E544E192CDEA40045D903 /* CoreLocation.framework in Frameworks */ = {isa = PBXBuildFile; fileRef = D04E544D192CDEA40045D903 /* CoreLocation.framework */; };
		D04E5451192CE3370045D903 /* MAPAnnotation.m in Sources */ = {isa = PBXBuildFile; fileRef = D04E5450192CE3370045D903 /* MAPAnnotation.m */; };
/* End PBXBuildFile section */

/* Begin PBXContainerItemProxy section */
		D04E5436192CDCB20045D903 /* PBXContainerItemProxy */ = {
			isa = PBXContainerItemProxy;
			containerPortal = D04E540E192CDCB20045D903 /* Project object */;
			proxyType = 1;
			remoteGlobalIDString = D04E5415192CDCB20045D903;
			remoteInfo = Maps;
		};
/* End PBXContainerItemProxy section */

/* Begin PBXFileReference section */
		D04E5416192CDCB20045D903 /* Maps.app */ = {isa = PBXFileReference; explicitFileType = wrapper.application; includeInIndex = 0; path = Maps.app; sourceTree = BUILT_PRODUCTS_DIR; };
		D04E5419192CDCB20045D903 /* Foundation.framework */ = {isa = PBXFileReference; lastKnownFileType = wrapper.framework; name = Foundation.framework; path = System/Library/Frameworks/Foundation.framework; sourceTree = SDKROOT; };
		D04E541B192CDCB20045D903 /* CoreGraphics.framework */ = {isa = PBXFileReference; lastKnownFileType = wrapper.framework; name = CoreGraphics.framework; path = System/Library/Frameworks/CoreGraphics.framework; sourceTree = SDKROOT; };
		D04E541D192CDCB20045D903 /* UIKit.framework */ = {isa = PBXFileReference; lastKnownFileType = wrapper.framework; name = UIKit.framework; path = System/Library/Frameworks/UIKit.framework; sourceTree = SDKROOT; };
		D04E5421192CDCB20045D903 /* Maps-Info.plist */ = {isa = PBXFileReference; lastKnownFileType = text.plist.xml; path = "Maps-Info.plist"; sourceTree = "<group>"; };
		D04E5423192CDCB20045D903 /* en */ = {isa = PBXFileReference; lastKnownFileType = text.plist.strings; name = en; path = en.lproj/InfoPlist.strings; sourceTree = "<group>"; };
		D04E5425192CDCB20045D903 /* main.m */ = {isa = PBXFileReference; lastKnownFileType = sourcecode.c.objc; path = main.m; sourceTree = "<group>"; };
		D04E5427192CDCB20045D903 /* Maps-Prefix.pch */ = {isa = PBXFileReference; lastKnownFileType = sourcecode.c.h; path = "Maps-Prefix.pch"; sourceTree = "<group>"; };
		D04E5428192CDCB20045D903 /* MAPAppDelegate.h */ = {isa = PBXFileReference; lastKnownFileType = sourcecode.c.h; path = MAPAppDelegate.h; sourceTree = "<group>"; };
		D04E5429192CDCB20045D903 /* MAPAppDelegate.m */ = {isa = PBXFileReference; lastKnownFileType = sourcecode.c.objc; path = MAPAppDelegate.m; sourceTree = "<group>"; };
		D04E542B192CDCB20045D903 /* Images.xcassets */ = {isa = PBXFileReference; lastKnownFileType = folder.assetcatalog; path = Images.xcassets; sourceTree = "<group>"; };
		D04E5431192CDCB20045D903 /* MapsTests.xctest */ = {isa = PBXFileReference; explicitFileType = wrapper.cfbundle; includeInIndex = 0; path = MapsTests.xctest; sourceTree = BUILT_PRODUCTS_DIR; };
		D04E5432192CDCB20045D903 /* XCTest.framework */ = {isa = PBXFileReference; lastKnownFileType = wrapper.framework; name = XCTest.framework; path = Library/Frameworks/XCTest.framework; sourceTree = DEVELOPER_DIR; };
		D04E543A192CDCB20045D903 /* MapsTests-Info.plist */ = {isa = PBXFileReference; lastKnownFileType = text.plist.xml; path = "MapsTests-Info.plist"; sourceTree = "<group>"; };
		D04E543C192CDCB20045D903 /* en */ = {isa = PBXFileReference; lastKnownFileType = text.plist.strings; name = en; path = en.lproj/InfoPlist.strings; sourceTree = "<group>"; };
		D04E543E192CDCB20045D903 /* MapsTests.m */ = {isa = PBXFileReference; lastKnownFileType = sourcecode.c.objc; path = MapsTests.m; sourceTree = "<group>"; };
		D04E5448192CDCC40045D903 /* MAPViewController.h */ = {isa = PBXFileReference; fileEncoding = 4; lastKnownFileType = sourcecode.c.h; name = MAPViewController.h; path = ../MAPViewController.h; sourceTree = "<group>"; };
		D04E5449192CDCC40045D903 /* MAPViewController.m */ = {isa = PBXFileReference; fileEncoding = 4; lastKnownFileType = sourcecode.c.objc; name = MAPViewController.m; path = ../MAPViewController.m; sourceTree = "<group>"; };
		D04E544B192CDD2E0045D903 /* MapKit.framework */ = {isa = PBXFileReference; lastKnownFileType = wrapper.framework; name = MapKit.framework; path = System/Library/Frameworks/MapKit.framework; sourceTree = SDKROOT; };
		D04E544D192CDEA40045D903 /* CoreLocation.framework */ = {isa = PBXFileReference; lastKnownFileType = wrapper.framework; name = CoreLocation.framework; path = System/Library/Frameworks/CoreLocation.framework; sourceTree = SDKROOT; };
		D04E544F192CE3370045D903 /* MAPAnnotation.h */ = {isa = PBXFileReference; fileEncoding = 4; lastKnownFileType = sourcecode.c.h; path = MAPAnnotation.h; sourceTree = "<group>"; };
		D04E5450192CE3370045D903 /* MAPAnnotation.m */ = {isa = PBXFileReference; fileEncoding = 4; lastKnownFileType = sourcecode.c.objc; path = MAPAnnotation.m; sourceTree = "<group>"; };
/* End PBXFileReference section */

/* Begin PBXFrameworksBuildPhase section */
		D04E5413192CDCB20045D903 /* Frameworks */ = {
			isa = PBXFrameworksBuildPhase;
			buildActionMask = 2147483647;
			files = (
				D04E544E192CDEA40045D903 /* CoreLocation.framework in Frameworks */,
				D04E544C192CDD2E0045D903 /* MapKit.framework in Frameworks */,
				D04E541C192CDCB20045D903 /* CoreGraphics.framework in Frameworks */,
				D04E541E192CDCB20045D903 /* UIKit.framework in Frameworks */,
				D04E541A192CDCB20045D903 /* Foundation.framework in Frameworks */,
			);
			runOnlyForDeploymentPostprocessing = 0;
		};
		D04E542E192CDCB20045D903 /* Frameworks */ = {
			isa = PBXFrameworksBuildPhase;
			buildActionMask = 2147483647;
			files = (
				D04E5433192CDCB20045D903 /* XCTest.framework in Frameworks */,
				D04E5435192CDCB20045D903 /* UIKit.framework in Frameworks */,
				D04E5434192CDCB20045D903 /* Foundation.framework in Frameworks */,
			);
			runOnlyForDeploymentPostprocessing = 0;
		};
/* End PBXFrameworksBuildPhase section */

/* Begin PBXGroup section */
		D04E540D192CDCB20045D903 = {
			isa = PBXGroup;
			children = (
				D04E544F192CE3370045D903 /* MAPAnnotation.h */,
				D04E5450192CE3370045D903 /* MAPAnnotation.m */,
				D04E5448192CDCC40045D903 /* MAPViewController.h */,
				D04E5449192CDCC40045D903 /* MAPViewController.m */,
				D04E541F192CDCB20045D903 /* Maps */,
				D04E5438192CDCB20045D903 /* MapsTests */,
				D04E5418192CDCB20045D903 /* Frameworks */,
				D04E5417192CDCB20045D903 /* Products */,
			);
			sourceTree = "<group>";
		};
		D04E5417192CDCB20045D903 /* Products */ = {
			isa = PBXGroup;
			children = (
				D04E5416192CDCB20045D903 /* Maps.app */,
				D04E5431192CDCB20045D903 /* MapsTests.xctest */,
			);
			name = Products;
			sourceTree = "<group>";
		};
		D04E5418192CDCB20045D903 /* Frameworks */ = {
			isa = PBXGroup;
			children = (
				D04E544D192CDEA40045D903 /* CoreLocation.framework */,
				D04E544B192CDD2E0045D903 /* MapKit.framework */,
				D04E5419192CDCB20045D903 /* Foundation.framework */,
				D04E541B192CDCB20045D903 /* CoreGraphics.framework */,
				D04E541D192CDCB20045D903 /* UIKit.framework */,
				D04E5432192CDCB20045D903 /* XCTest.framework */,
			);
			name = Frameworks;
			sourceTree = "<group>";
		};
		D04E541F192CDCB20045D903 /* Maps */ = {
			isa = PBXGroup;
			children = (
				D04E5428192CDCB20045D903 /* MAPAppDelegate.h */,
				D04E5429192CDCB20045D903 /* MAPAppDelegate.m */,
				D04E542B192CDCB20045D903 /* Images.xcassets */,
				D04E5420192CDCB20045D903 /* Supporting Files */,
			);
			path = Maps;
			sourceTree = "<group>";
		};
		D04E5420192CDCB20045D903 /* Supporting Files */ = {
			isa = PBXGroup;
			children = (
				D04E5421192CDCB20045D903 /* Maps-Info.plist */,
				D04E5422192CDCB20045D903 /* InfoPlist.strings */,
				D04E5425192CDCB20045D903 /* main.m */,
				D04E5427192CDCB20045D903 /* Maps-Prefix.pch */,
			);
			name = "Supporting Files";
			sourceTree = "<group>";
		};
		D04E5438192CDCB20045D903 /* MapsTests */ = {
			isa = PBXGroup;
			children = (
				D04E543E192CDCB20045D903 /* MapsTests.m */,
				D04E5439192CDCB20045D903 /* Supporting Files */,
			);
			path = MapsTests;
			sourceTree = "<group>";
		};
		D04E5439192CDCB20045D903 /* Supporting Files */ = {
			isa = PBXGroup;
			children = (
				D04E543A192CDCB20045D903 /* MapsTests-Info.plist */,
				D04E543B192CDCB20045D903 /* InfoPlist.strings */,
			);
			name = "Supporting Files";
			sourceTree = "<group>";
		};
/* End PBXGroup section */

/* Begin PBXNativeTarget section */
		D04E5415192CDCB20045D903 /* Maps */ = {
			isa = PBXNativeTarget;
			buildConfigurationList = D04E5442192CDCB20045D903 /* Build configuration list for PBXNativeTarget "Maps" */;
			buildPhases = (
				D04E5412192CDCB20045D903 /* Sources */,
				D04E5413192CDCB20045D903 /* Frameworks */,
				D04E5414192CDCB20045D903 /* Resources */,
			);
			buildRules = (
			);
			dependencies = (
			);
			name = Maps;
			productName = Maps;
			productReference = D04E5416192CDCB20045D903 /* Maps.app */;
			productType = "com.apple.product-type.application";
		};
		D04E5430192CDCB20045D903 /* MapsTests */ = {
			isa = PBXNativeTarget;
			buildConfigurationList = D04E5445192CDCB20045D903 /* Build configuration list for PBXNativeTarget "MapsTests" */;
			buildPhases = (
				D04E542D192CDCB20045D903 /* Sources */,
				D04E542E192CDCB20045D903 /* Frameworks */,
				D04E542F192CDCB20045D903 /* Resources */,
			);
			buildRules = (
			);
			dependencies = (
				D04E5437192CDCB20045D903 /* PBXTargetDependency */,
			);
			name = MapsTests;
			productName = MapsTests;
			productReference = D04E5431192CDCB20045D903 /* MapsTests.xctest */;
			productType = "com.apple.product-type.bundle.unit-test";
		};
/* End PBXNativeTarget section */

/* Begin PBXProject section */
		D04E540E192CDCB20045D903 /* Project object */ = {
			isa = PBXProject;
			attributes = {
				CLASSPREFIX = MAP;
				LastUpgradeCheck = 0510;
				ORGANIZATIONNAME = "John Yam";
				TargetAttributes = {
					D04E5430192CDCB20045D903 = {
						TestTargetID = D04E5415192CDCB20045D903;
					};
				};
			};
			buildConfigurationList = D04E5411192CDCB20045D903 /* Build configuration list for PBXProject "Maps" */;
			compatibilityVersion = "Xcode 3.2";
			developmentRegion = English;
			hasScannedForEncodings = 0;
			knownRegions = (
				en,
			);
			mainGroup = D04E540D192CDCB20045D903;
			productRefGroup = D04E5417192CDCB20045D903 /* Products */;
			projectDirPath = "";
			projectRoot = "";
			targets = (
				D04E5415192CDCB20045D903 /* Maps */,
				D04E5430192CDCB20045D903 /* MapsTests */,
			);
		};
/* End PBXProject section */

/* Begin PBXResourcesBuildPhase section */
		D04E5414192CDCB20045D903 /* Resources */ = {
			isa = PBXResourcesBuildPhase;
			buildActionMask = 2147483647;
			files = (
				D04E5424192CDCB20045D903 /* InfoPlist.strings in Resources */,
				D04E542C192CDCB20045D903 /* Images.xcassets in Resources */,
			);
			runOnlyForDeploymentPostprocessing = 0;
		};
		D04E542F192CDCB20045D903 /* Resources */ = {
			isa = PBXResourcesBuildPhase;
			buildActionMask = 2147483647;
			files = (
				D04E543D192CDCB20045D903 /* InfoPlist.strings in Resources */,
			);
			runOnlyForDeploymentPostprocessing = 0;
		};
/* End PBXResourcesBuildPhase section */

/* Begin PBXSourcesBuildPhase section */
		D04E5412192CDCB20045D903 /* Sources */ = {
			isa = PBXSourcesBuildPhase;
			buildActionMask = 2147483647;
			files = (
				D04E5426192CDCB20045D903 /* main.m in Sources */,
				D04E542A192CDCB20045D903 /* MAPAppDelegate.m in Sources */,
				D04E544A192CDCC40045D903 /* MAPViewController.m in Sources */,
				D04E5451192CE3370045D903 /* MAPAnnotation.m in Sources */,
			);
			runOnlyForDeploymentPostprocessing = 0;
		};
		D04E542D192CDCB20045D903 /* Sources */ = {
			isa = PBXSourcesBuildPhase;
			buildActionMask = 2147483647;
			files = (
				D04E543F192CDCB20045D903 /* MapsTests.m in Sources */,
			);
			runOnlyForDeploymentPostprocessing = 0;
		};
/* End PBXSourcesBuildPhase section */

/* Begin PBXTargetDependency section */
		D04E5437192CDCB20045D903 /* PBXTargetDependency */ = {
			isa = PBXTargetDependency;
			target = D04E5415192CDCB20045D903 /* Maps */;
			targetProxy = D04E5436192CDCB20045D903 /* PBXContainerItemProxy */;
		};
/* End PBXTargetDependency section */

/* Begin PBXVariantGroup section */
		D04E5422192CDCB20045D903 /* InfoPlist.strings */ = {
			isa = PBXVariantGroup;
			children = (
				D04E5423192CDCB20045D903 /* en */,
			);
			name = InfoPlist.strings;
			sourceTree = "<group>";
		};
		D04E543B192CDCB20045D903 /* InfoPlist.strings */ = {
			isa = PBXVariantGroup;
			children = (
				D04E543C192CDCB20045D903 /* en */,
			);
			name = InfoPlist.strings;
			sourceTree = "<group>";
		};
/* End PBXVariantGroup section */

/* Begin XCBuildConfiguration section */
		D04E5440192CDCB20045D903 /* Debug */ = {
			isa = XCBuildConfiguration;
			buildSettings = {
				ALWAYS_SEARCH_USER_PATHS = NO;
				CLANG_CXX_LANGUAGE_STANDARD = "gnu++0x";
				CLANG_CXX_LIBRARY = "libc++";
				CLANG_ENABLE_MODULES = YES;
				CLANG_ENABLE_OBJC_ARC = YES;
				CLANG_WARN_BOOL_CONVERSION = YES;
				CLANG_WARN_CONSTANT_CONVERSION = YES;
				CLANG_WARN_DIRECT_OBJC_ISA_USAGE = YES_ERROR;
				CLANG_WARN_EMPTY_BODY = YES;
				CLANG_WARN_ENUM_CONVERSION = YES;
				CLANG_WARN_INT_CONVERSION = YES;
				CLANG_WARN_OBJC_ROOT_CLASS = YES_ERROR;
				CLANG_WARN__DUPLICATE_METHOD_MATCH = YES;
				"CODE_SIGN_IDENTITY[sdk=iphoneos*]" = "iPhone Developer";
				COPY_PHASE_STRIP = NO;
				GCC_C_LANGUAGE_STANDARD = gnu99;
				GCC_DYNAMIC_NO_PIC = NO;
				GCC_OPTIMIZATION_LEVEL = 0;
				GCC_PREPROCESSOR_DEFINITIONS = (
					"DEBUG=1",
					"$(inherited)",
				);
				GCC_SYMBOLS_PRIVATE_EXTERN = NO;
				GCC_WARN_64_TO_32_BIT_CONVERSION = YES;
				GCC_WARN_ABOUT_RETURN_TYPE = YES_ERROR;
				GCC_WARN_UNDECLARED_SELECTOR = YES;
				GCC_WARN_UNINITIALIZED_AUTOS = YES_AGGRESSIVE;
				GCC_WARN_UNUSED_FUNCTION = YES;
				GCC_WARN_UNUSED_VARIABLE = YES;
				IPHONEOS_DEPLOYMENT_TARGET = 7.1;
				ONLY_ACTIVE_ARCH = YES;
				SDKROOT = iphoneos;
			};
			name = Debug;
		};
		D04E5441192CDCB20045D903 /* Release */ = {
			isa = XCBuildConfiguration;
			buildSettings = {
				ALWAYS_SEARCH_USER_PATHS = NO;
				CLANG_CXX_LANGUAGE_STANDARD = "gnu++0x";
				CLANG_CXX_LIBRARY = "libc++";
				CLANG_ENABLE_MODULES = YES;
				CLANG_ENABLE_OBJC_ARC = YES;
				CLANG_WARN_BOOL_CONVERSION = YES;
				CLANG_WARN_CONSTANT_CONVERSION = YES;
				CLANG_WARN_DIRECT_OBJC_ISA_USAGE = YES_ERROR;
				CLANG_WARN_EMPTY_BODY = YES;
				CLANG_WARN_ENUM_CONVERSION = YES;
				CLANG_WARN_INT_CONVERSION = YES;
				CLANG_WARN_OBJC_ROOT_CLASS = YES_ERROR;
				CLANG_WARN__DUPLICATE_METHOD_MATCH = YES;
				"CODE_SIGN_IDENTITY[sdk=iphoneos*]" = "iPhone Developer";
				COPY_PHASE_STRIP = YES;
				ENABLE_NS_ASSERTIONS = NO;
				GCC_C_LANGUAGE_STANDARD = gnu99;
				GCC_WARN_64_TO_32_BIT_CONVERSION = YES;
				GCC_WARN_ABOUT_RETURN_TYPE = YES_ERROR;
				GCC_WARN_UNDECLARED_SELECTOR = YES;
				GCC_WARN_UNINITIALIZED_AUTOS = YES_AGGRESSIVE;
				GCC_WARN_UNUSED_FUNCTION = YES;
				GCC_WARN_UNUSED_VARIABLE = YES;
				IPHONEOS_DEPLOYMENT_TARGET = 7.1;
				SDKROOT = iphoneos;
				VALIDATE_PRODUCT = YES;
			};
			name = Release;
		};
		D04E5443192CDCB20045D903 /* Debug */ = {
			isa = XCBuildConfiguration;
			buildSettings = {
				ASSETCATALOG_COMPILER_APPICON_NAME = AppIcon;
				ASSETCATALOG_COMPILER_LAUNCHIMAGE_NAME = LaunchImage;
				GCC_PRECOMPILE_PREFIX_HEADER = YES;
				GCC_PREFIX_HEADER = "Maps/Maps-Prefix.pch";
				INFOPLIST_FILE = "Maps/Maps-Info.plist";
				PRODUCT_NAME = "$(TARGET_NAME)";
				WRAPPER_EXTENSION = app;
			};
			name = Debug;
		};
		D04E5444192CDCB20045D903 /* Release */ = {
			isa = XCBuildConfiguration;
			buildSettings = {
				ASSETCATALOG_COMPILER_APPICON_NAME = AppIcon;
				ASSETCATALOG_COMPILER_LAUNCHIMAGE_NAME = LaunchImage;
				GCC_PRECOMPILE_PREFIX_HEADER = YES;
				GCC_PREFIX_HEADER = "Maps/Maps-Prefix.pch";
				INFOPLIST_FILE = "Maps/Maps-Info.plist";
				PRODUCT_NAME = "$(TARGET_NAME)";
				WRAPPER_EXTENSION = app;
			};
			name = Release;
		};
		D04E5446192CDCB20045D903 /* Debug */ = {
			isa = XCBuildConfiguration;
			buildSettings = {
				BUNDLE_LOADER = "$(BUILT_PRODUCTS_DIR)/Maps.app/Maps";
				FRAMEWORK_SEARCH_PATHS = (
					"$(SDKROOT)/Developer/Library/Frameworks",
					"$(inherited)",
					"$(DEVELOPER_FRAMEWORKS_DIR)",
				);
				GCC_PRECOMPILE_PREFIX_HEADER = YES;
				GCC_PREFIX_HEADER = "Maps/Maps-Prefix.pch";
				GCC_PREPROCESSOR_DEFINITIONS = (
					"DEBUG=1",
					"$(inherited)",
				);
				INFOPLIST_FILE = "MapsTests/MapsTests-Info.plist";
				PRODUCT_NAME = "$(TARGET_NAME)";
				TEST_HOST = "$(BUNDLE_LOADER)";
				WRAPPER_EXTENSION = xctest;
			};
			name = Debug;
		};
		D04E5447192CDCB20045D903 /* Release */ = {
			isa = XCBuildConfiguration;
			buildSettings = {
				BUNDLE_LOADER = "$(BUILT_PRODUCTS_DIR)/Maps.app/Maps";
				FRAMEWORK_SEARCH_PATHS = (
					"$(SDKROOT)/Developer/Library/Frameworks",
					"$(inherited)",
					"$(DEVELOPER_FRAMEWORKS_DIR)",
				);
				GCC_PRECOMPILE_PREFIX_HEADER = YES;
				GCC_PREFIX_HEADER = "Maps/Maps-Prefix.pch";
				INFOPLIST_FILE = "MapsTests/MapsTests-Info.plist";
				PRODUCT_NAME = "$(TARGET_NAME)";
				TEST_HOST = "$(BUNDLE_LOADER)";
				WRAPPER_EXTENSION = xctest;
			};
			name = Release;
		};
/* End XCBuildConfiguration section */

/* Begin XCConfigurationList section */
		D04E5411192CDCB20045D903 /* Build configuration list for PBXProject "Maps" */ = {
			isa = XCConfigurationList;
			buildConfigurations = (
				D04E5440192CDCB20045D903 /* Debug */,
				D04E5441192CDCB20045D903 /* Release */,
			);
			defaultConfigurationIsVisible = 0;
			defaultConfigurationName = Release;
		};
		D04E5442192CDCB20045D903 /* Build configuration list for PBXNativeTarget "Maps" */ = {
			isa = XCConfigurationList;
			buildConfigurations = (
				D04E5443192CDCB20045D903 /* Debug */,
				D04E5444192CDCB20045D903 /* Release */,
			);
			defaultConfigurationIsVisible = 0;
		};
		D04E5445192CDCB20045D903 /* Build configuration list for PBXNativeTarget "MapsTests" */ = {
			isa = XCConfigurationList;
			buildConfigurations = (
				D04E5446192CDCB20045D903 /* Debug */,
				D04E5447192CDCB20045D903 /* Release */,
			);
			defaultConfigurationIsVisible = 0;
		};
/* End XCConfigurationList section */
	};
	rootObject = D04E540E192CDCB20045D903 /* Project object */;
}
